// !$*UTF8*$!
{
	archiveVersion = 1;
	classes = {
	};
	objectVersion = 50;
	objects = {

/* Begin PBXBuildFile section */
		EA80404C24EA282900D60942 /* AppDelegate.swift in Sources */ = {isa = PBXBuildFile; fileRef = EA80404B24EA282900D60942 /* AppDelegate.swift */; };
		EA80404E24EA282900D60942 /* SceneDelegate.swift in Sources */ = {isa = PBXBuildFile; fileRef = EA80404D24EA282900D60942 /* SceneDelegate.swift */; };
		EA80405024EA282900D60942 /* ContentView.swift in Sources */ = {isa = PBXBuildFile; fileRef = EA80404F24EA282900D60942 /* ContentView.swift */; };
		EA80405224EA282D00D60942 /* Assets.xcassets in Resources */ = {isa = PBXBuildFile; fileRef = EA80405124EA282D00D60942 /* Assets.xcassets */; };
		EA80405524EA282D00D60942 /* Preview Assets.xcassets in Resources */ = {isa = PBXBuildFile; fileRef = EA80405424EA282D00D60942 /* Preview Assets.xcassets */; };
		EA80405824EA282D00D60942 /* LaunchScreen.storyboard in Resources */ = {isa = PBXBuildFile; fileRef = EA80405624EA282D00D60942 /* LaunchScreen.storyboard */; };
/* End PBXBuildFile section */

/* Begin PBXFileReference section */
		EA80404824EA282900D60942 /* WeiBoDemo.app */ = {isa = PBXFileReference; explicitFileType = wrapper.application; includeInIndex = 0; path = WeiBoDemo.app; sourceTree = BUILT_PRODUCTS_DIR; };
		EA80404B24EA282900D60942 /* AppDelegate.swift */ = {isa = PBXFileReference; lastKnownFileType = sourcecode.swift; path = AppDelegate.swift; sourceTree = "<group>"; };
		EA80404D24EA282900D60942 /* SceneDelegate.swift */ = {isa = PBXFileReference; lastKnownFileType = sourcecode.swift; path = SceneDelegate.swift; sourceTree = "<group>"; };
		EA80404F24EA282900D60942 /* ContentView.swift */ = {isa = PBXFileReference; lastKnownFileType = sourcecode.swift; path = ContentView.swift; sourceTree = "<group>"; };
		EA80405124EA282D00D60942 /* Assets.xcassets */ = {isa = PBXFileReference; lastKnownFileType = folder.assetcatalog; path = Assets.xcassets; sourceTree = "<group>"; };
		EA80405424EA282D00D60942 /* Preview Assets.xcassets */ = {isa = PBXFileReference; lastKnownFileType = folder.assetcatalog; path = "Preview Assets.xcassets"; sourceTree = "<group>"; };
		EA80405724EA282D00D60942 /* Base */ = {isa = PBXFileReference; lastKnownFileType = file.storyboard; name = Base; path = Base.lproj/LaunchScreen.storyboard; sourceTree = "<group>"; };
		EA80405924EA282D00D60942 /* Info.plist */ = {isa = PBXFileReference; lastKnownFileType = text.plist.xml; path = Info.plist; sourceTree = "<group>"; };
/* End PBXFileReference section */

/* Begin PBXFrameworksBuildPhase section */
		EA80404524EA282900D60942 /* Frameworks */ = {
			isa = PBXFrameworksBuildPhase;
			buildActionMask = 2147483647;
			files = (
			);
			runOnlyForDeploymentPostprocessing = 0;
		};
/* End PBXFrameworksBuildPhase section */

/* Begin PBXGroup section */
		EA80403F24EA282900D60942 = {
			isa = PBXGroup;
			children = (
				EA80404A24EA282900D60942 /* WeiBoDemo */,
				EA80404924EA282900D60942 /* Products */,
			);
			sourceTree = "<group>";
		};
		EA80404924EA282900D60942 /* Products */ = {
			isa = PBXGroup;
			children = (
				EA80404824EA282900D60942 /* WeiBoDemo.app */,
			);
			name = Products;
			sourceTree = "<group>";
		};
		EA80404A24EA282900D60942 /* WeiBoDemo */ = {
			isa = PBXGroup;
			children = (
				EA80404B24EA282900D60942 /* AppDelegate.swift */,
				EA80404D24EA282900D60942 /* SceneDelegate.swift */,
				EA80404F24EA282900D60942 /* ContentView.swift */,
				EA80405124EA282D00D60942 /* Assets.xcassets */,
				EA80405624EA282D00D60942 /* LaunchScreen.storyboard */,
				EA80405924EA282D00D60942 /* Info.plist */,
				EA80405324EA282D00D60942 /* Preview Content */,
			);
			path = WeiBoDemo;
			sourceTree = "<group>";
		};
		EA80405324EA282D00D60942 /* Preview Content */ = {
			isa = PBXGroup;
			children = (
				EA80405424EA282D00D60942 /* Preview Assets.xcassets */,
			);
			path = "Preview Content";
			sourceTree = "<group>";
		};
/* End PBXGroup section */

/* Begin PBXNativeTarget section */
		EA80404724EA282900D60942 /* WeiBoDemo */ = {
			isa = PBXNativeTarget;
			buildConfigurationList = EA80405C24EA282D00D60942 /* Build configuration list for PBXNativeTarget "WeiBoDemo" */;
			buildPhases = (
				EA80404424EA282900D60942 /* Sources */,
				EA80404524EA282900D60942 /* Frameworks */,
				EA80404624EA282900D60942 /* Resources */,
			);
			buildRules = (
			);
			dependencies = (
			);
			name = WeiBoDemo;
			productName = WeiBoDemo;
			productReference = EA80404824EA282900D60942 /* WeiBoDemo.app */;
			productType = "com.apple.product-type.application";
		};
/* End PBXNativeTarget section */

/* Begin PBXProject section */
		EA80404024EA282900D60942 /* Project object */ = {
			isa = PBXProject;
			attributes = {
				LastSwiftUpdateCheck = 1160;
				LastUpgradeCheck = 1160;
				ORGANIZATIONNAME = "YangHan-Morningstar";
				TargetAttributes = {
					EA80404724EA282900D60942 = {
						CreatedOnToolsVersion = 11.6;
					};
				};
			};
			buildConfigurationList = EA80404324EA282900D60942 /* Build configuration list for PBXProject "WeiBoDemo" */;
			compatibilityVersion = "Xcode 9.3";
			developmentRegion = en;
			hasScannedForEncodings = 0;
			knownRegions = (
				en,
				Base,
			);
			mainGroup = EA80403F24EA282900D60942;
			productRefGroup = EA80404924EA282900D60942 /* Products */;
			projectDirPath = "";
			projectRoot = "";
			targets = (
				EA80404724EA282900D60942 /* WeiBoDemo */,
			);
		};
/* End PBXProject section */

/* Begin PBXResourcesBuildPhase section */
		EA80404624EA282900D60942 /* Resources */ = {
			isa = PBXResourcesBuildPhase;
			buildActionMask = 2147483647;
			files = (
				EA80405824EA282D00D60942 /* LaunchScreen.storyboard in Resources */,
				EA80405524EA282D00D60942 /* Preview Assets.xcassets in Resources */,
				EA80405224EA282D00D60942 /* Assets.xcassets in Resources */,
			);
			runOnlyForDeploymentPostprocessing = 0;
		};
/* End PBXResourcesBuildPhase section */

/* Begin PBXSourcesBuildPhase section */
		EA80404424EA282900D60942 /* Sources */ = {
			isa = PBXSourcesBuildPhase;
			buildActionMask = 2147483647;
			files = (
				EA80404C24EA282900D60942 /* AppDelegate.swift in Sources */,
				EA80404E24EA282900D60942 /* SceneDelegate.swift in Sources */,
				EA80405024EA282900D60942 /* ContentView.swift in Sources */,
			);
			runOnlyForDeploymentPostprocessing = 0;
		};
/* End PBXSourcesBuildPhase section */

/* Begin PBXVariantGroup section */
		EA80405624EA282D00D60942 /* LaunchScreen.storyboard */ = {
			isa = PBXVariantGroup;
			children = (
				EA80405724EA282D00D60942 /* Base */,
			);
			name = LaunchScreen.storyboard;
			sourceTree = "<group>";
		};
/* End PBXVariantGroup section */

/* Begin XCBuildConfiguration section */
		EA80405A24EA282D00D60942 /* Debug */ = {
			isa = XCBuildConfiguration;
			buildSettings = {
				ALWAYS_SEARCH_USER_PATHS = NO;
				CLANG_ANALYZER_NONNULL = YES;
				CLANG_ANALYZER_NUMBER_OBJECT_CONVERSION = YES_AGGRESSIVE;
				CLANG_CXX_LANGUAGE_STANDARD = "gnu++14";
				CLANG_CXX_LIBRARY = "libc++";
				CLANG_ENABLE_MODULES = YES;
				CLANG_ENABLE_OBJC_ARC = YES;
				CLANG_ENABLE_OBJC_WEAK = YES;
				CLANG_WARN_BLOCK_CAPTURE_AUTORELEASING = YES;
				CLANG_WARN_BOOL_CONVERSION = YES;
				CLANG_WARN_COMMA = YES;
				CLANG_WARN_CONSTANT_CONVERSION = YES;
				CLANG_WARN_DEPRECATED_OBJC_IMPLEMENTATIONS = YES;
				CLANG_WARN_DIRECT_OBJC_ISA_USAGE = YES_ERROR;
				CLANG_WARN_DOCUMENTATION_COMMENTS = YES;
				CLANG_WARN_EMPTY_BODY = YES;
				CLANG_WARN_ENUM_CONVERSION = YES;
				CLANG_WARN_INFINITE_RECURSION = YES;
				CLANG_WARN_INT_CONVERSION = YES;
				CLANG_WARN_NON_LITERAL_NULL_CONVERSION = YES;
				CLANG_WARN_OBJC_IMPLICIT_RETAIN_SELF = YES;
				CLANG_WARN_OBJC_LITERAL_CONVERSION = YES;
				CLANG_WARN_OBJC_ROOT_CLASS = YES_ERROR;
				CLANG_WARN_RANGE_LOOP_ANALYSIS = YES;
				CLANG_WARN_STRICT_PROTOTYPES = YES;
				CLANG_WARN_SUSPICIOUS_MOVE = YES;
				CLANG_WARN_UNGUARDED_AVAILABILITY = YES_AGGRESSIVE;
				CLANG_WARN_UNREACHABLE_CODE = YES;
				CLANG_WARN__DUPLICATE_METHOD_MATCH = YES;
				COPY_PHASE_STRIP = NO;
				DEBUG_INFORMATION_FORMAT = dwarf;
				ENABLE_STRICT_OBJC_MSGSEND = YES;
				ENABLE_TESTABILITY = YES;
				GCC_C_LANGUAGE_STANDARD = gnu11;
				GCC_DYNAMIC_NO_PIC = NO;
				GCC_NO_COMMON_BLOCKS = YES;
				GCC_OPTIMIZATION_LEVEL = 0;
				GCC_PREPROCESSOR_DEFINITIONS = (
					"DEBUG=1",
					"$(inherited)",
				);
				GCC_WARN_64_TO_32_BIT_CONVERSION = YES;
				GCC_WARN_ABOUT_RETURN_TYPE = YES_ERROR;
				GCC_WARN_UNDECLARED_SELECTOR = YES;
				GCC_WARN_UNINITIALIZED_AUTOS = YES_AGGRESSIVE;
				GCC_WARN_UNUSED_FUNCTION = YES;
				GCC_WARN_UNUSED_VARIABLE = YES;
				IPHONEOS_DEPLOYMENT_TARGET = 13.6;
				MTL_ENABLE_DEBUG_INFO = INCLUDE_SOURCE;
				MTL_FAST_MATH = YES;
				ONLY_ACTIVE_ARCH = YES;
				SDKROOT = iphoneos;
				SWIFT_ACTIVE_COMPILATION_CONDITIONS = DEBUG;
				SWIFT_OPTIMIZATION_LEVEL = "-Onone";
			};
			name = Debug;
		};
		EA80405B24EA282D00D60942 /* Release */ = {
			isa = XCBuildConfiguration;
			buildSettings = {
				ALWAYS_SEARCH_USER_PATHS = NO;
				CLANG_ANALYZER_NONNULL = YES;
				CLANG_ANALYZER_NUMBER_OBJECT_CONVERSION = YES_AGGRESSIVE;
				CLANG_CXX_LANGUAGE_STANDARD = "gnu++14";
				CLANG_CXX_LIBRARY = "libc++";
				CLANG_ENABLE_MODULES = YES;
				CLANG_ENABLE_OBJC_ARC = YES;
				CLANG_ENABLE_OBJC_WEAK = YES;
				CLANG_WARN_BLOCK_CAPTURE_AUTORELEASING = YES;
				CLANG_WARN_BOOL_CONVERSION = YES;
				CLANG_WARN_COMMA = YES;
				CLANG_WARN_CONSTANT_CONVERSION = YES;
				CLANG_WARN_DEPRECATED_OBJC_IMPLEMENTATIONS = YES;
				CLANG_WARN_DIRECT_OBJC_ISA_USAGE = YES_ERROR;
				CLANG_WARN_DOCUMENTATION_COMMENTS = YES;
				CLANG_WARN_EMPTY_BODY = YES;
				CLANG_WARN_ENUM_CONVERSION = YES;
				CLANG_WARN_INFINITE_RECURSION = YES;
				CLANG_WARN_INT_CONVERSION = YES;
				CLANG_WARN_NON_LITERAL_NULL_CONVERSION = YES;
				CLANG_WARN_OBJC_IMPLICIT_RETAIN_SELF = YES;
				CLANG_WARN_OBJC_LITERAL_CONVERSION = YES;
				CLANG_WARN_OBJC_ROOT_CLASS = YES_ERROR;
				CLANG_WARN_RANGE_LOOP_ANALYSIS = YES;
				CLANG_WARN_STRICT_PROTOTYPES = YES;
				CLANG_WARN_SUSPICIOUS_MOVE = YES;
				CLANG_WARN_UNGUARDED_AVAILABILITY = YES_AGGRESSIVE;
				CLANG_WARN_UNREACHABLE_CODE = YES;
				CLANG_WARN__DUPLICATE_METHOD_MATCH = YES;
				COPY_PHASE_STRIP = NO;
				DEBUG_INFORMATION_FORMAT = "dwarf-with-dsym";
				ENABLE_NS_ASSERTIONS = NO;
				ENABLE_STRICT_OBJC_MSGSEND = YES;
				GCC_C_LANGUAGE_STANDARD = gnu11;
				GCC_NO_COMMON_BLOCKS = YES;
				GCC_WARN_64_TO_32_BIT_CONVERSION = YES;
				GCC_WARN_ABOUT_RETURN_TYPE = YES_ERROR;
				GCC_WARN_UNDECLARED_SELECTOR = YES;
				GCC_WARN_UNINITIALIZED_AUTOS = YES_AGGRESSIVE;
				GCC_WARN_UNUSED_FUNCTION = YES;
				GCC_WARN_UNUSED_VARIABLE = YES;
				IPHONEOS_DEPLOYMENT_TARGET = 13.6;
				MTL_ENABLE_DEBUG_INFO = NO;
				MTL_FAST_MATH = YES;
				SDKROOT = iphoneos;
				SWIFT_COMPILATION_MODE = wholemodule;
				SWIFT_OPTIMIZATION_LEVEL = "-O";
				VALIDATE_PRODUCT = YES;
			};
			name = Release;
		};
		EA80405D24EA282D00D60942 /* Debug */ = {
			isa = XCBuildConfiguration;
			buildSettings = {
				ASSETCATALOG_COMPILER_APPICON_NAME = AppIcon;
				CODE_SIGN_STYLE = Automatic;
				DEVELOPMENT_ASSET_PATHS = "\"WeiBoDemo/Preview Content\"";
				DEVELOPMENT_TEAM = NZUV26978H;
				ENABLE_PREVIEWS = YES;
				INFOPLIST_FILE = WeiBoDemo/Info.plist;
				LD_RUNPATH_SEARCH_PATHS = (
					"$(inherited)",
					"@executable_path/Frameworks",
				);
				PRODUCT_BUNDLE_IDENTIFIER = com.yanghan.WeiBoDemo;
				PRODUCT_NAME = "$(TARGET_NAME)";
				SWIFT_VERSION = 5.0;
				TARGETED_DEVICE_FAMILY = "1,2";
			};
			name = Debug;
		};
		EA80405E24EA282D00D60942 /* Release */ = {
			isa = XCBuildConfiguration;
			buildSettings = {
				ASSETCATALOG_COMPILER_APPICON_NAME = AppIcon;
				CODE_SIGN_STYLE = Automatic;
				DEVELOPMENT_ASSET_PATHS = "\"WeiBoDemo/Preview Content\"";
				DEVELOPMENT_TEAM = NZUV26978H;
				ENABLE_PREVIEWS = YES;
				INFOPLIST_FILE = WeiBoDemo/Info.plist;
				LD_RUNPATH_SEARCH_PATHS = (
					"$(inherited)",
					"@executable_path/Frameworks",
				);
				PRODUCT_BUNDLE_IDENTIFIER = com.yanghan.WeiBoDemo;
				PRODUCT_NAME = "$(TARGET_NAME)";
				SWIFT_VERSION = 5.0;
				TARGETED_DEVICE_FAMILY = "1,2";
			};
			name = Release;
		};
/* End XCBuildConfiguration section */

/* Begin XCConfigurationList section */
		EA80404324EA282900D60942 /* Build configuration list for PBXProject "WeiBoDemo" */ = {
			isa = XCConfigurationList;
			buildConfigurations = (
				EA80405A24EA282D00D60942 /* Debug */,
				EA80405B24EA282D00D60942 /* Release */,
			);
			defaultConfigurationIsVisible = 0;
			defaultConfigurationName = Release;
		};
		EA80405C24EA282D00D60942 /* Build configuration list for PBXNativeTarget "WeiBoDemo" */ = {
			isa = XCConfigurationList;
			buildConfigurations = (
				EA80405D24EA282D00D60942 /* Debug */,
				EA80405E24EA282D00D60942 /* Release */,
			);
			defaultConfigurationIsVisible = 0;
			defaultConfigurationName = Release;
		};
/* End XCConfigurationList section */
	};
	rootObject = EA80404024EA282900D60942 /* Project object */;
}
