// !$*UTF8*$!
{
	archiveVersion = 1;
	classes = {
	};
	objectVersion = 50;
	objects = {

/* Begin PBXBuildFile section */
		EA206A0D2506323000C10055 /* 8697cf1ely8gashxj3b09j20u00u040v.jpg in Resources */ = {isa = PBXBuildFile; fileRef = EA2069BA2506323000C10055 /* 8697cf1ely8gashxj3b09j20u00u040v.jpg */; };
		EA206A0E2506323000C10055 /* d0c21786ly1gavj2c0kcej20c8096dh7.jpg in Resources */ = {isa = PBXBuildFile; fileRef = EA2069BB2506323000C10055 /* d0c21786ly1gavj2c0kcej20c8096dh7.jpg */; };
		EA206A0F2506323000C10055 /* 6ec3b446jw1e8qgp5bmzyj2050050aa8.jpg in Resources */ = {isa = PBXBuildFile; fileRef = EA2069BC2506323000C10055 /* 6ec3b446jw1e8qgp5bmzyj2050050aa8.jpg */; };
		EA206A102506323000C10055 /* 8a0b5544jw1e8qgp5bmzyj2050050aa8.jpg in Resources */ = {isa = PBXBuildFile; fileRef = EA2069BD2506323000C10055 /* 8a0b5544jw1e8qgp5bmzyj2050050aa8.jpg */; };
		EA206A112506323000C10055 /* bca7fdafly1gax1gqdg6qj20c80avdgl.jpg in Resources */ = {isa = PBXBuildFile; fileRef = EA2069BE2506323000C10055 /* bca7fdafly1gax1gqdg6qj20c80avdgl.jpg */; };
		EA206A122506323000C10055 /* 9dc7402fjw1e8qgp5bmzyj2050050aa8.jpg in Resources */ = {isa = PBXBuildFile; fileRef = EA2069BF2506323000C10055 /* 9dc7402fjw1e8qgp5bmzyj2050050aa8.jpg */; };
		EA206A132506323000C10055 /* eb5c94aegy1gav25n5ibjj20zk1h8wuu.jpg in Resources */ = {isa = PBXBuildFile; fileRef = EA2069C02506323000C10055 /* eb5c94aegy1gav25n5ibjj20zk1h8wuu.jpg */; };
		EA206A142506323000C10055 /* 006gWxMEly1gavap8dywoj30hs0bwq48.jpg in Resources */ = {isa = PBXBuildFile; fileRef = EA2069C12506323000C10055 /* 006gWxMEly1gavap8dywoj30hs0bwq48.jpg */; };
		EA206A152506323100C10055 /* 630584a6gy1gau54zl806j20m80etmzo.jpg in Resources */ = {isa = PBXBuildFile; fileRef = EA2069C22506323000C10055 /* 630584a6gy1gau54zl806j20m80etmzo.jpg */; };
		EA206A162506323100C10055 /* 9dc7402fgy1gavd38wwlrj20j60nyq6y.jpg in Resources */ = {isa = PBXBuildFile; fileRef = EA2069C32506323000C10055 /* 9dc7402fgy1gavd38wwlrj20j60nyq6y.jpg */; };
		EA206A172506323100C10055 /* 8a0b5544gy1gauy2flua6j20u00hitab.jpg in Resources */ = {isa = PBXBuildFile; fileRef = EA2069C42506323000C10055 /* 8a0b5544gy1gauy2flua6j20u00hitab.jpg */; };
		EA206A182506323100C10055 /* 7f9147a5ly1fzxlh4ovuej20e90fl4fo.jpg in Resources */ = {isa = PBXBuildFile; fileRef = EA2069C52506323000C10055 /* 7f9147a5ly1fzxlh4ovuej20e90fl4fo.jpg */; };
		EA206A192506323100C10055 /* 7f9147a5ly1fzxlgxgzpij20e90fltsj.jpg in Resources */ = {isa = PBXBuildFile; fileRef = EA2069C62506323000C10055 /* 7f9147a5ly1fzxlgxgzpij20e90fltsj.jpg */; };
		EA206A1A2506323100C10055 /* 76297935ly1gatz8obqvkj22c0340npe.jpg in Resources */ = {isa = PBXBuildFile; fileRef = EA2069C72506323000C10055 /* 76297935ly1gatz8obqvkj22c0340npe.jpg */; };
		EA206A1B2506323100C10055 /* d0c21786ly8fsax1ftiifj20ro0ro43g.jpg in Resources */ = {isa = PBXBuildFile; fileRef = EA2069C82506323000C10055 /* d0c21786ly8fsax1ftiifj20ro0ro43g.jpg */; };
		EA206A1C2506323100C10055 /* 9dc7402fgy1gavd38kqjtj20j60nyn1d.jpg in Resources */ = {isa = PBXBuildFile; fileRef = EA2069C92506323000C10055 /* 9dc7402fgy1gavd38kqjtj20j60nyn1d.jpg */; };
		EA206A1D2506323100C10055 /* 6a2afec3gy1gaulykcejqj20t5145wns.jpg in Resources */ = {isa = PBXBuildFile; fileRef = EA2069CA2506323000C10055 /* 6a2afec3gy1gaulykcejqj20t5145wns.jpg */; };
		EA206A1E2506323100C10055 /* 4e7f0c83gy1gam2mp0x4pj22tc240u0x.jpg in Resources */ = {isa = PBXBuildFile; fileRef = EA2069CB2506323000C10055 /* 4e7f0c83gy1gam2mp0x4pj22tc240u0x.jpg */; };
		EA206A1F2506323100C10055 /* c5aa834fgy1gauzrb7s5ej20tz13qh5x.jpg in Resources */ = {isa = PBXBuildFile; fileRef = EA2069CC2506323000C10055 /* c5aa834fgy1gauzrb7s5ej20tz13qh5x.jpg */; };
		EA206A202506323100C10055 /* 700a34f6gy1gaunswxtlrj20j60pkgok.jpg in Resources */ = {isa = PBXBuildFile; fileRef = EA2069CD2506323000C10055 /* 700a34f6gy1gaunswxtlrj20j60pkgok.jpg */; };
		EA206A212506323100C10055 /* 8a0b5544gy1gauy2ex786j20u0129aed.jpg in Resources */ = {isa = PBXBuildFile; fileRef = EA2069CE2506323000C10055 /* 8a0b5544gy1gauy2ex786j20u0129aed.jpg */; };
		EA206A222506323100C10055 /* 76297935ly1gatz89dzblj23402c0qv6.jpg in Resources */ = {isa = PBXBuildFile; fileRef = EA2069CF2506323000C10055 /* 76297935ly1gatz89dzblj23402c0qv6.jpg */; };
		EA206A232506323100C10055 /* 700a34f6gy1gaunswy5qnj20j60pkadk.jpg in Resources */ = {isa = PBXBuildFile; fileRef = EA2069D02506323000C10055 /* 700a34f6gy1gaunswy5qnj20j60pkadk.jpg */; };
		EA206A242506323100C10055 /* bca7fdafgw1ekhkps65b1j2050050dg4.jpg in Resources */ = {isa = PBXBuildFile; fileRef = EA2069D12506323000C10055 /* bca7fdafgw1ekhkps65b1j2050050dg4.jpg */; };
		EA206A252506323100C10055 /* PostListData_recommend_1.json in Resources */ = {isa = PBXBuildFile; fileRef = EA2069D22506323000C10055 /* PostListData_recommend_1.json */; };
		EA206A262506323100C10055 /* 006gWxMEly8g0bjpl3ynij30kv0kv773.jpg in Resources */ = {isa = PBXBuildFile; fileRef = EA2069D32506323000C10055 /* 006gWxMEly8g0bjpl3ynij30kv0kv773.jpg */; };
		EA206A272506323100C10055 /* 6ec3b446gy1gavd51jc4lj20j60pmwhl.jpg in Resources */ = {isa = PBXBuildFile; fileRef = EA2069D42506323000C10055 /* 6ec3b446gy1gavd51jc4lj20j60pmwhl.jpg */; };
		EA206A282506323100C10055 /* 006gWxMEly1gavap88gttj30hs0a0dgf.jpg in Resources */ = {isa = PBXBuildFile; fileRef = EA2069D52506323000C10055 /* 006gWxMEly1gavap88gttj30hs0a0dgf.jpg */; };
		EA206A292506323100C10055 /* 4e7f0c83gy1gam2ml6nucj22tc240kjl.jpg in Resources */ = {isa = PBXBuildFile; fileRef = EA2069D62506323000C10055 /* 4e7f0c83gy1gam2ml6nucj22tc240kjl.jpg */; };
		EA206A2A2506323100C10055 /* 4e7f0c83gy1gam2misv31j21hc0u016k.jpg in Resources */ = {isa = PBXBuildFile; fileRef = EA2069D72506323000C10055 /* 4e7f0c83gy1gam2misv31j21hc0u016k.jpg */; };
		EA206A2B2506323100C10055 /* 8a0b5544gy1gauy2gmkg9j20u00gegnp.jpg in Resources */ = {isa = PBXBuildFile; fileRef = EA2069D82506323000C10055 /* 8a0b5544gy1gauy2gmkg9j20u00gegnp.jpg */; };
		EA206A2C2506323100C10055 /* 006gWxMEly1gavap8vsqaj30hs0bwgm6.jpg in Resources */ = {isa = PBXBuildFile; fileRef = EA2069D92506323000C10055 /* 006gWxMEly1gavap8vsqaj30hs0bwgm6.jpg */; };
		EA206A2D2506323100C10055 /* 648ed25bjw8est9nqrtnij20500503yr.jpg in Resources */ = {isa = PBXBuildFile; fileRef = EA2069DA2506323000C10055 /* 648ed25bjw8est9nqrtnij20500503yr.jpg */; };
		EA206A2E2506323100C10055 /* eb5c94aegy1gav25ox6dvj20u00k1go9.jpg in Resources */ = {isa = PBXBuildFile; fileRef = EA2069DB2506323000C10055 /* eb5c94aegy1gav25ox6dvj20u00k1go9.jpg */; };
		EA206A2F2506323100C10055 /* 8a0b5544gy1gauy2g35yoj20u00fomzf.jpg in Resources */ = {isa = PBXBuildFile; fileRef = EA2069DC2506323000C10055 /* 8a0b5544gy1gauy2g35yoj20u00fomzf.jpg */; };
		EA206A302506323100C10055 /* 006PdkDoly8ffywe2fq39j304g04gwed.jpg in Resources */ = {isa = PBXBuildFile; fileRef = EA2069DD2506323000C10055 /* 006PdkDoly8ffywe2fq39j304g04gwed.jpg */; };
		EA206A312506323100C10055 /* 700a34f6gy1gaunsxgzixj20j60edmz8.jpg in Resources */ = {isa = PBXBuildFile; fileRef = EA2069DE2506323000C10055 /* 700a34f6gy1gaunsxgzixj20j60edmz8.jpg */; };
		EA206A322506323100C10055 /* bca7fdafly1gax1gqdnboj20c80atmxp.jpg in Resources */ = {isa = PBXBuildFile; fileRef = EA2069DF2506323000C10055 /* bca7fdafly1gax1gqdnboj20c80atmxp.jpg */; };
		EA206A332506323100C10055 /* c5aa834fgy1gauzr6venkj20u01hc12f.jpg in Resources */ = {isa = PBXBuildFile; fileRef = EA2069E02506323000C10055 /* c5aa834fgy1gauzr6venkj20u01hc12f.jpg */; };
		EA206A342506323100C10055 /* 7f9147a5ly1fzxlh6hzdnj20e90fl7me.jpg in Resources */ = {isa = PBXBuildFile; fileRef = EA2069E12506323000C10055 /* 7f9147a5ly1fzxlh6hzdnj20e90fl7me.jpg */; };
		EA206A352506323100C10055 /* 630584a6gy1gau54zm4dtj20m80dftbv.jpg in Resources */ = {isa = PBXBuildFile; fileRef = EA2069E22506323000C10055 /* 630584a6gy1gau54zm4dtj20m80dftbv.jpg */; };
		EA206A362506323100C10055 /* c5aa834fgy1gauzr86bp5j20pb0w47in.jpg in Resources */ = {isa = PBXBuildFile; fileRef = EA2069E32506323000C10055 /* c5aa834fgy1gauzr86bp5j20pb0w47in.jpg */; };
		EA206A372506323100C10055 /* 9dc7402fgy1gavd39ba15j20j60nywii.jpg in Resources */ = {isa = PBXBuildFile; fileRef = EA2069E42506323000C10055 /* 9dc7402fgy1gavd39ba15j20j60nywii.jpg */; };
		EA206A382506323100C10055 /* bca7fdafly1gax1gqfgsjj20c80axaay.jpg in Resources */ = {isa = PBXBuildFile; fileRef = EA2069E52506323000C10055 /* bca7fdafly1gax1gqfgsjj20c80axaay.jpg */; };
		EA206A392506323100C10055 /* c5aa834fly8g97m8ix9lcj20re0regnk.jpg in Resources */ = {isa = PBXBuildFile; fileRef = EA2069E62506323000C10055 /* c5aa834fly8g97m8ix9lcj20re0regnk.jpg */; };
		EA206A3A2506323100C10055 /* 700a34f6ly8g9a29rjt92j20fn0iqdg8.jpg in Resources */ = {isa = PBXBuildFile; fileRef = EA2069E72506323000C10055 /* 700a34f6ly8g9a29rjt92j20fn0iqdg8.jpg */; };
		EA206A3B2506323100C10055 /* d0c21786ly1gavj2cdrkyj20c80720tg.jpg in Resources */ = {isa = PBXBuildFile; fileRef = EA2069E82506323000C10055 /* d0c21786ly1gavj2cdrkyj20c80720tg.jpg */; };
		EA206A3C2506323100C10055 /* bca7fdafly1gax1gqehdaj20c80atq3x.jpg in Resources */ = {isa = PBXBuildFile; fileRef = EA2069E92506323000C10055 /* bca7fdafly1gax1gqehdaj20c80atq3x.jpg */; };
		EA206A3D2506323100C10055 /* d0c21786ly1gavj2d17d9j20c808zq3r.jpg in Resources */ = {isa = PBXBuildFile; fileRef = EA2069EA2506323000C10055 /* d0c21786ly1gavj2d17d9j20c808zq3r.jpg */; };
		EA206A3E2506323100C10055 /* 8a0b5544gy1gauy2gz000j20u00n6wgj.jpg in Resources */ = {isa = PBXBuildFile; fileRef = EA2069EB2506323000C10055 /* 8a0b5544gy1gauy2gz000j20u00n6wgj.jpg */; };
		EA206A3F2506323100C10055 /* 006PdkDogy1gap6ngj12ej30u011itf7.jpg in Resources */ = {isa = PBXBuildFile; fileRef = EA2069EC2506323000C10055 /* 006PdkDogy1gap6ngj12ej30u011itf7.jpg */; };
		EA206A402506323100C10055 /* 700a34f6gy1gaunsx2jywj20j60pkaeu.jpg in Resources */ = {isa = PBXBuildFile; fileRef = EA2069ED2506323000C10055 /* 700a34f6gy1gaunsx2jywj20j60pkaeu.jpg */; };
		EA206A412506323100C10055 /* 4e7f0c83gy1gam2mr1b81j22tc2407wi.jpg in Resources */ = {isa = PBXBuildFile; fileRef = EA2069EE2506323000C10055 /* 4e7f0c83gy1gam2mr1b81j22tc2407wi.jpg */; };
		EA206A422506323100C10055 /* 6a2afec3jw8fb4ld0qf2gj20e80dsdfz.jpg in Resources */ = {isa = PBXBuildFile; fileRef = EA2069EF2506323000C10055 /* 6a2afec3jw8fb4ld0qf2gj20e80dsdfz.jpg */; };
		EA206A432506323100C10055 /* bca7fdafly1gax1gqd9vmj20c80ayaam.jpg in Resources */ = {isa = PBXBuildFile; fileRef = EA2069F02506323000C10055 /* bca7fdafly1gax1gqd9vmj20c80ayaam.jpg */; };
		EA206A442506323100C10055 /* 8a0b5544gy1gauy2hcozsj20u01czdiy.jpg in Resources */ = {isa = PBXBuildFile; fileRef = EA2069F12506323000C10055 /* 8a0b5544gy1gauy2hcozsj20u01czdiy.jpg */; };
		EA206A452506323100C10055 /* c5aa834fgy1gauzr95r6fj20tw0l3dq4.jpg in Resources */ = {isa = PBXBuildFile; fileRef = EA2069F22506323000C10055 /* c5aa834fgy1gauzr95r6fj20tw0l3dq4.jpg */; };
		EA206A462506323100C10055 /* 006PdkDogy1gap6ngiyn3j30u011idle.jpg in Resources */ = {isa = PBXBuildFile; fileRef = EA2069F32506323000C10055 /* 006PdkDogy1gap6ngiyn3j30u011idle.jpg */; };
		EA206A472506323100C10055 /* d0c21786ly1gavj2btv6tj20c80790tg.jpg in Resources */ = {isa = PBXBuildFile; fileRef = EA2069F42506323000C10055 /* d0c21786ly1gavj2btv6tj20c80790tg.jpg */; };
		EA206A482506323100C10055 /* PostListData_hot_1.json in Resources */ = {isa = PBXBuildFile; fileRef = EA2069F52506323000C10055 /* PostListData_hot_1.json */; };
		EA206A492506323100C10055 /* eb5c94aely8fmvumnl9baj20v90v9q49.jpg in Resources */ = {isa = PBXBuildFile; fileRef = EA2069F62506323000C10055 /* eb5c94aely8fmvumnl9baj20v90v9q49.jpg */; };
		EA206A4A2506323100C10055 /* 630584a6ly8fqs5wwkkmrj20ku0kuta7.jpg in Resources */ = {isa = PBXBuildFile; fileRef = EA2069F72506323000C10055 /* 630584a6ly8fqs5wwkkmrj20ku0kuta7.jpg */; };
		EA206A4B2506323100C10055 /* d0c21786ly1gavj2cowp9j20c8083ab4.jpg in Resources */ = {isa = PBXBuildFile; fileRef = EA2069F82506323000C10055 /* d0c21786ly1gavj2cowp9j20c8083ab4.jpg */; };
		EA206A4C2506323100C10055 /* 9dc7402fgy1gavd367p0pj20j60nywic.jpg in Resources */ = {isa = PBXBuildFile; fileRef = EA2069F92506323000C10055 /* 9dc7402fgy1gavd367p0pj20j60nywic.jpg */; };
		EA206A4D2506323100C10055 /* 006gWxMEly1gavap86qr9j30ht0qo40t.jpg in Resources */ = {isa = PBXBuildFile; fileRef = EA2069FA2506323000C10055 /* 006gWxMEly1gavap86qr9j30ht0qo40t.jpg */; };
		EA206A4E2506323100C10055 /* 76297935ly1gatz8k5itij22c02c01ky.jpg in Resources */ = {isa = PBXBuildFile; fileRef = EA2069FB2506323000C10055 /* 76297935ly1gatz8k5itij22c02c01ky.jpg */; };
		EA206A4F2506323100C10055 /* 76297935ly1gatz8g5rvxj22c03401kz.jpg in Resources */ = {isa = PBXBuildFile; fileRef = EA2069FC2506323000C10055 /* 76297935ly1gatz8g5rvxj22c03401kz.jpg */; };
		EA206A502506323100C10055 /* 700a34f6gy1gaunsxhp4pj20j60pkn1k.jpg in Resources */ = {isa = PBXBuildFile; fileRef = EA2069FD2506323000C10055 /* 700a34f6gy1gaunsxhp4pj20j60pkn1k.jpg */; };
		EA206A512506323100C10055 /* eb5c94aegy1gav2509cp5j20zk0k0n2j.jpg in Resources */ = {isa = PBXBuildFile; fileRef = EA2069FE2506323000C10055 /* eb5c94aegy1gav2509cp5j20zk0k0n2j.jpg */; };
		EA206A522506323100C10055 /* 4e7f0c83gy1gam2mn58d3j22tc240qv5.jpg in Resources */ = {isa = PBXBuildFile; fileRef = EA2069FF2506323000C10055 /* 4e7f0c83gy1gam2mn58d3j22tc240qv5.jpg */; };
		EA206A532506323100C10055 /* eb5c94aegy1gav26fycwlj20zk1h8drh.jpg in Resources */ = {isa = PBXBuildFile; fileRef = EA206A002506323000C10055 /* eb5c94aegy1gav26fycwlj20zk1h8drh.jpg */; };
		EA206A542506323100C10055 /* 630584a6gy1gau54zyj61j20m80etn07.jpg in Resources */ = {isa = PBXBuildFile; fileRef = EA206A012506323000C10055 /* 630584a6gy1gau54zyj61j20m80etn07.jpg */; };
		EA206A552506323100C10055 /* c5aa834fgy1gauzr8ok78j20tz12fk8w.jpg in Resources */ = {isa = PBXBuildFile; fileRef = EA206A022506323000C10055 /* c5aa834fgy1gauzr8ok78j20tz12fk8w.jpg */; };
		EA206A562506323100C10055 /* 76297935ly8g4phfkq68hj20u00u0mzt.jpg in Resources */ = {isa = PBXBuildFile; fileRef = EA206A032506323000C10055 /* 76297935ly8g4phfkq68hj20u00u0mzt.jpg */; };
		EA206A572506323100C10055 /* 9dc7402fgy1gavd37l9nwj20j60ny44q.jpg in Resources */ = {isa = PBXBuildFile; fileRef = EA206A042506323000C10055 /* 9dc7402fgy1gavd37l9nwj20j60ny44q.jpg */; };
		EA206A582506323100C10055 /* 700a34f6gy1gaunswwui7j20j60pl78e.jpg in Resources */ = {isa = PBXBuildFile; fileRef = EA206A052506323000C10055 /* 700a34f6gy1gaunswwui7j20j60pl78e.jpg */; };
		EA206A592506323100C10055 /* 630584a6gy1gau54zgaxhj20m80et0vq.jpg in Resources */ = {isa = PBXBuildFile; fileRef = EA206A062506323000C10055 /* 630584a6gy1gau54zgaxhj20m80et0vq.jpg */; };
		EA206A5A2506323100C10055 /* 4e7f0c83gy1gam2mjhk8zj21hc0v6wnx.jpg in Resources */ = {isa = PBXBuildFile; fileRef = EA206A072506323000C10055 /* 4e7f0c83gy1gam2mjhk8zj21hc0v6wnx.jpg */; };
		EA206A5B2506323100C10055 /* 6ec3b446gy1gavd4xud8lj20j60qkwj0.jpg in Resources */ = {isa = PBXBuildFile; fileRef = EA206A082506323000C10055 /* 6ec3b446gy1gavd4xud8lj20j60qkwj0.jpg */; };
		EA206A5C2506323100C10055 /* 4e7f0c83ly8g1ho507078j20ro0rojtq.jpg in Resources */ = {isa = PBXBuildFile; fileRef = EA206A092506323000C10055 /* 4e7f0c83ly8g1ho507078j20ro0rojtq.jpg */; };
		EA206A5D2506323100C10055 /* bca7fdafly1gax1gqdhouj20c80axaam.jpg in Resources */ = {isa = PBXBuildFile; fileRef = EA206A0A2506323000C10055 /* bca7fdafly1gax1gqdhouj20c80axaam.jpg */; };
		EA206A5E2506323100C10055 /* 6ec3b446gy1gavd523embj20j60pytd6.jpg in Resources */ = {isa = PBXBuildFile; fileRef = EA206A0B2506323000C10055 /* 6ec3b446gy1gavd523embj20j60pytd6.jpg */; };
		EA206A5F2506323100C10055 /* 005tnxzUly8gab4i2r73xj30u00u0js8.jpg in Resources */ = {isa = PBXBuildFile; fileRef = EA206A0C2506323000C10055 /* 005tnxzUly8gab4i2r73xj30u00u0js8.jpg */; };
		EA206A612506886400C10055 /* PostVIPBadge.swift in Sources */ = {isa = PBXBuildFile; fileRef = EA206A602506886400C10055 /* PostVIPBadge.swift */; };
		EA206A6425070DFB00C10055 /* Post.swift in Sources */ = {isa = PBXBuildFile; fileRef = EA206A6325070DFB00C10055 /* Post.swift */; };
		EA206A67250713C900C10055 /* PostViewModel.swift in Sources */ = {isa = PBXBuildFile; fileRef = EA206A66250713C900C10055 /* PostViewModel.swift */; };
		EA206A692507737000C10055 /* PostCellToolBarButton.swift in Sources */ = {isa = PBXBuildFile; fileRef = EA206A682507737000C10055 /* PostCellToolBarButton.swift */; };
		EA206A6B250778A800C10055 /* PostListView.swift in Sources */ = {isa = PBXBuildFile; fileRef = EA206A6A250778A800C10055 /* PostListView.swift */; };
		EA206A6D25078E7800C10055 /* PostImageCell.swift in Sources */ = {isa = PBXBuildFile; fileRef = EA206A6C25078E7800C10055 /* PostImageCell.swift */; };
		EA206A72250791C800C10055 /* PostImageCellRow.swift in Sources */ = {isa = PBXBuildFile; fileRef = EA206A71250791C800C10055 /* PostImageCellRow.swift */; };
		EA61FCF524EBA07D00C178BD /* PostCell.swift in Sources */ = {isa = PBXBuildFile; fileRef = EA61FCF424EBA07D00C178BD /* PostCell.swift */; };
		EA80404C24EA282900D60942 /* AppDelegate.swift in Sources */ = {isa = PBXBuildFile; fileRef = EA80404B24EA282900D60942 /* AppDelegate.swift */; };
		EA80404E24EA282900D60942 /* SceneDelegate.swift in Sources */ = {isa = PBXBuildFile; fileRef = EA80404D24EA282900D60942 /* SceneDelegate.swift */; };
		EA80405024EA282900D60942 /* ContentView.swift in Sources */ = {isa = PBXBuildFile; fileRef = EA80404F24EA282900D60942 /* ContentView.swift */; };
		EA80405224EA282D00D60942 /* Assets.xcassets in Resources */ = {isa = PBXBuildFile; fileRef = EA80405124EA282D00D60942 /* Assets.xcassets */; };
		EA80405524EA282D00D60942 /* Preview Assets.xcassets in Resources */ = {isa = PBXBuildFile; fileRef = EA80405424EA282D00D60942 /* Preview Assets.xcassets */; };
		EA80405824EA282D00D60942 /* LaunchScreen.storyboard in Resources */ = {isa = PBXBuildFile; fileRef = EA80405624EA282D00D60942 /* LaunchScreen.storyboard */; };
		EAC0AA56250CA41400CD11C3 /* HomeNavigationBar.swift in Sources */ = {isa = PBXBuildFile; fileRef = EAC0AA55250CA41400CD11C3 /* HomeNavigationBar.swift */; };
		EAC0AA58250CAA8800CD11C3 /* HomeView.swift in Sources */ = {isa = PBXBuildFile; fileRef = EAC0AA57250CAA8800CD11C3 /* HomeView.swift */; };
		EAC0AA5A250CAE6200CD11C3 /* PostListCategory.swift in Sources */ = {isa = PBXBuildFile; fileRef = EAC0AA59250CAE6200CD11C3 /* PostListCategory.swift */; };
		EAC0AA5E250CC1F400CD11C3 /* HScrollViewController.swift in Sources */ = {isa = PBXBuildFile; fileRef = EAC0AA5D250CC1F400CD11C3 /* HScrollViewController.swift */; };
/* End PBXBuildFile section */

/* Begin PBXFileReference section */
		EA2069BA2506323000C10055 /* 8697cf1ely8gashxj3b09j20u00u040v.jpg */ = {isa = PBXFileReference; lastKnownFileType = image.jpeg; path = 8697cf1ely8gashxj3b09j20u00u040v.jpg; sourceTree = "<group>"; };
		EA2069BB2506323000C10055 /* d0c21786ly1gavj2c0kcej20c8096dh7.jpg */ = {isa = PBXFileReference; lastKnownFileType = image.jpeg; path = d0c21786ly1gavj2c0kcej20c8096dh7.jpg; sourceTree = "<group>"; };
		EA2069BC2506323000C10055 /* 6ec3b446jw1e8qgp5bmzyj2050050aa8.jpg */ = {isa = PBXFileReference; lastKnownFileType = image.jpeg; path = 6ec3b446jw1e8qgp5bmzyj2050050aa8.jpg; sourceTree = "<group>"; };
		EA2069BD2506323000C10055 /* 8a0b5544jw1e8qgp5bmzyj2050050aa8.jpg */ = {isa = PBXFileReference; lastKnownFileType = image.jpeg; path = 8a0b5544jw1e8qgp5bmzyj2050050aa8.jpg; sourceTree = "<group>"; };
		EA2069BE2506323000C10055 /* bca7fdafly1gax1gqdg6qj20c80avdgl.jpg */ = {isa = PBXFileReference; lastKnownFileType = image.jpeg; path = bca7fdafly1gax1gqdg6qj20c80avdgl.jpg; sourceTree = "<group>"; };
		EA2069BF2506323000C10055 /* 9dc7402fjw1e8qgp5bmzyj2050050aa8.jpg */ = {isa = PBXFileReference; lastKnownFileType = image.jpeg; path = 9dc7402fjw1e8qgp5bmzyj2050050aa8.jpg; sourceTree = "<group>"; };
		EA2069C02506323000C10055 /* eb5c94aegy1gav25n5ibjj20zk1h8wuu.jpg */ = {isa = PBXFileReference; lastKnownFileType = image.jpeg; path = eb5c94aegy1gav25n5ibjj20zk1h8wuu.jpg; sourceTree = "<group>"; };
		EA2069C12506323000C10055 /* 006gWxMEly1gavap8dywoj30hs0bwq48.jpg */ = {isa = PBXFileReference; lastKnownFileType = image.jpeg; path = 006gWxMEly1gavap8dywoj30hs0bwq48.jpg; sourceTree = "<group>"; };
		EA2069C22506323000C10055 /* 630584a6gy1gau54zl806j20m80etmzo.jpg */ = {isa = PBXFileReference; lastKnownFileType = image.jpeg; path = 630584a6gy1gau54zl806j20m80etmzo.jpg; sourceTree = "<group>"; };
		EA2069C32506323000C10055 /* 9dc7402fgy1gavd38wwlrj20j60nyq6y.jpg */ = {isa = PBXFileReference; lastKnownFileType = image.jpeg; path = 9dc7402fgy1gavd38wwlrj20j60nyq6y.jpg; sourceTree = "<group>"; };
		EA2069C42506323000C10055 /* 8a0b5544gy1gauy2flua6j20u00hitab.jpg */ = {isa = PBXFileReference; lastKnownFileType = image.jpeg; path = 8a0b5544gy1gauy2flua6j20u00hitab.jpg; sourceTree = "<group>"; };
		EA2069C52506323000C10055 /* 7f9147a5ly1fzxlh4ovuej20e90fl4fo.jpg */ = {isa = PBXFileReference; lastKnownFileType = image.jpeg; path = 7f9147a5ly1fzxlh4ovuej20e90fl4fo.jpg; sourceTree = "<group>"; };
		EA2069C62506323000C10055 /* 7f9147a5ly1fzxlgxgzpij20e90fltsj.jpg */ = {isa = PBXFileReference; lastKnownFileType = image.jpeg; path = 7f9147a5ly1fzxlgxgzpij20e90fltsj.jpg; sourceTree = "<group>"; };
		EA2069C72506323000C10055 /* 76297935ly1gatz8obqvkj22c0340npe.jpg */ = {isa = PBXFileReference; lastKnownFileType = image.jpeg; path = 76297935ly1gatz8obqvkj22c0340npe.jpg; sourceTree = "<group>"; };
		EA2069C82506323000C10055 /* d0c21786ly8fsax1ftiifj20ro0ro43g.jpg */ = {isa = PBXFileReference; lastKnownFileType = image.jpeg; path = d0c21786ly8fsax1ftiifj20ro0ro43g.jpg; sourceTree = "<group>"; };
		EA2069C92506323000C10055 /* 9dc7402fgy1gavd38kqjtj20j60nyn1d.jpg */ = {isa = PBXFileReference; lastKnownFileType = image.jpeg; path = 9dc7402fgy1gavd38kqjtj20j60nyn1d.jpg; sourceTree = "<group>"; };
		EA2069CA2506323000C10055 /* 6a2afec3gy1gaulykcejqj20t5145wns.jpg */ = {isa = PBXFileReference; lastKnownFileType = image.jpeg; path = 6a2afec3gy1gaulykcejqj20t5145wns.jpg; sourceTree = "<group>"; };
		EA2069CB2506323000C10055 /* 4e7f0c83gy1gam2mp0x4pj22tc240u0x.jpg */ = {isa = PBXFileReference; lastKnownFileType = image.jpeg; path = 4e7f0c83gy1gam2mp0x4pj22tc240u0x.jpg; sourceTree = "<group>"; };
		EA2069CC2506323000C10055 /* c5aa834fgy1gauzrb7s5ej20tz13qh5x.jpg */ = {isa = PBXFileReference; lastKnownFileType = image.jpeg; path = c5aa834fgy1gauzrb7s5ej20tz13qh5x.jpg; sourceTree = "<group>"; };
		EA2069CD2506323000C10055 /* 700a34f6gy1gaunswxtlrj20j60pkgok.jpg */ = {isa = PBXFileReference; lastKnownFileType = image.jpeg; path = 700a34f6gy1gaunswxtlrj20j60pkgok.jpg; sourceTree = "<group>"; };
		EA2069CE2506323000C10055 /* 8a0b5544gy1gauy2ex786j20u0129aed.jpg */ = {isa = PBXFileReference; lastKnownFileType = image.jpeg; path = 8a0b5544gy1gauy2ex786j20u0129aed.jpg; sourceTree = "<group>"; };
		EA2069CF2506323000C10055 /* 76297935ly1gatz89dzblj23402c0qv6.jpg */ = {isa = PBXFileReference; lastKnownFileType = image.jpeg; path = 76297935ly1gatz89dzblj23402c0qv6.jpg; sourceTree = "<group>"; };
		EA2069D02506323000C10055 /* 700a34f6gy1gaunswy5qnj20j60pkadk.jpg */ = {isa = PBXFileReference; lastKnownFileType = image.jpeg; path = 700a34f6gy1gaunswy5qnj20j60pkadk.jpg; sourceTree = "<group>"; };
		EA2069D12506323000C10055 /* bca7fdafgw1ekhkps65b1j2050050dg4.jpg */ = {isa = PBXFileReference; lastKnownFileType = image.jpeg; path = bca7fdafgw1ekhkps65b1j2050050dg4.jpg; sourceTree = "<group>"; };
		EA2069D22506323000C10055 /* PostListData_recommend_1.json */ = {isa = PBXFileReference; fileEncoding = 4; lastKnownFileType = text.json; path = PostListData_recommend_1.json; sourceTree = "<group>"; };
		EA2069D32506323000C10055 /* 006gWxMEly8g0bjpl3ynij30kv0kv773.jpg */ = {isa = PBXFileReference; lastKnownFileType = image.jpeg; path = 006gWxMEly8g0bjpl3ynij30kv0kv773.jpg; sourceTree = "<group>"; };
		EA2069D42506323000C10055 /* 6ec3b446gy1gavd51jc4lj20j60pmwhl.jpg */ = {isa = PBXFileReference; lastKnownFileType = image.jpeg; path = 6ec3b446gy1gavd51jc4lj20j60pmwhl.jpg; sourceTree = "<group>"; };
		EA2069D52506323000C10055 /* 006gWxMEly1gavap88gttj30hs0a0dgf.jpg */ = {isa = PBXFileReference; lastKnownFileType = image.jpeg; path = 006gWxMEly1gavap88gttj30hs0a0dgf.jpg; sourceTree = "<group>"; };
		EA2069D62506323000C10055 /* 4e7f0c83gy1gam2ml6nucj22tc240kjl.jpg */ = {isa = PBXFileReference; lastKnownFileType = image.jpeg; path = 4e7f0c83gy1gam2ml6nucj22tc240kjl.jpg; sourceTree = "<group>"; };
		EA2069D72506323000C10055 /* 4e7f0c83gy1gam2misv31j21hc0u016k.jpg */ = {isa = PBXFileReference; lastKnownFileType = image.jpeg; path = 4e7f0c83gy1gam2misv31j21hc0u016k.jpg; sourceTree = "<group>"; };
		EA2069D82506323000C10055 /* 8a0b5544gy1gauy2gmkg9j20u00gegnp.jpg */ = {isa = PBXFileReference; lastKnownFileType = image.jpeg; path = 8a0b5544gy1gauy2gmkg9j20u00gegnp.jpg; sourceTree = "<group>"; };
		EA2069D92506323000C10055 /* 006gWxMEly1gavap8vsqaj30hs0bwgm6.jpg */ = {isa = PBXFileReference; lastKnownFileType = image.jpeg; path = 006gWxMEly1gavap8vsqaj30hs0bwgm6.jpg; sourceTree = "<group>"; };
		EA2069DA2506323000C10055 /* 648ed25bjw8est9nqrtnij20500503yr.jpg */ = {isa = PBXFileReference; lastKnownFileType = image.jpeg; path = 648ed25bjw8est9nqrtnij20500503yr.jpg; sourceTree = "<group>"; };
		EA2069DB2506323000C10055 /* eb5c94aegy1gav25ox6dvj20u00k1go9.jpg */ = {isa = PBXFileReference; lastKnownFileType = image.jpeg; path = eb5c94aegy1gav25ox6dvj20u00k1go9.jpg; sourceTree = "<group>"; };
		EA2069DC2506323000C10055 /* 8a0b5544gy1gauy2g35yoj20u00fomzf.jpg */ = {isa = PBXFileReference; lastKnownFileType = image.jpeg; path = 8a0b5544gy1gauy2g35yoj20u00fomzf.jpg; sourceTree = "<group>"; };
		EA2069DD2506323000C10055 /* 006PdkDoly8ffywe2fq39j304g04gwed.jpg */ = {isa = PBXFileReference; lastKnownFileType = image.jpeg; path = 006PdkDoly8ffywe2fq39j304g04gwed.jpg; sourceTree = "<group>"; };
		EA2069DE2506323000C10055 /* 700a34f6gy1gaunsxgzixj20j60edmz8.jpg */ = {isa = PBXFileReference; lastKnownFileType = image.jpeg; path = 700a34f6gy1gaunsxgzixj20j60edmz8.jpg; sourceTree = "<group>"; };
		EA2069DF2506323000C10055 /* bca7fdafly1gax1gqdnboj20c80atmxp.jpg */ = {isa = PBXFileReference; lastKnownFileType = image.jpeg; path = bca7fdafly1gax1gqdnboj20c80atmxp.jpg; sourceTree = "<group>"; };
		EA2069E02506323000C10055 /* c5aa834fgy1gauzr6venkj20u01hc12f.jpg */ = {isa = PBXFileReference; lastKnownFileType = image.jpeg; path = c5aa834fgy1gauzr6venkj20u01hc12f.jpg; sourceTree = "<group>"; };
		EA2069E12506323000C10055 /* 7f9147a5ly1fzxlh6hzdnj20e90fl7me.jpg */ = {isa = PBXFileReference; lastKnownFileType = image.jpeg; path = 7f9147a5ly1fzxlh6hzdnj20e90fl7me.jpg; sourceTree = "<group>"; };
		EA2069E22506323000C10055 /* 630584a6gy1gau54zm4dtj20m80dftbv.jpg */ = {isa = PBXFileReference; lastKnownFileType = image.jpeg; path = 630584a6gy1gau54zm4dtj20m80dftbv.jpg; sourceTree = "<group>"; };
		EA2069E32506323000C10055 /* c5aa834fgy1gauzr86bp5j20pb0w47in.jpg */ = {isa = PBXFileReference; lastKnownFileType = image.jpeg; path = c5aa834fgy1gauzr86bp5j20pb0w47in.jpg; sourceTree = "<group>"; };
		EA2069E42506323000C10055 /* 9dc7402fgy1gavd39ba15j20j60nywii.jpg */ = {isa = PBXFileReference; lastKnownFileType = image.jpeg; path = 9dc7402fgy1gavd39ba15j20j60nywii.jpg; sourceTree = "<group>"; };
		EA2069E52506323000C10055 /* bca7fdafly1gax1gqfgsjj20c80axaay.jpg */ = {isa = PBXFileReference; lastKnownFileType = image.jpeg; path = bca7fdafly1gax1gqfgsjj20c80axaay.jpg; sourceTree = "<group>"; };
		EA2069E62506323000C10055 /* c5aa834fly8g97m8ix9lcj20re0regnk.jpg */ = {isa = PBXFileReference; lastKnownFileType = image.jpeg; path = c5aa834fly8g97m8ix9lcj20re0regnk.jpg; sourceTree = "<group>"; };
		EA2069E72506323000C10055 /* 700a34f6ly8g9a29rjt92j20fn0iqdg8.jpg */ = {isa = PBXFileReference; lastKnownFileType = image.jpeg; path = 700a34f6ly8g9a29rjt92j20fn0iqdg8.jpg; sourceTree = "<group>"; };
		EA2069E82506323000C10055 /* d0c21786ly1gavj2cdrkyj20c80720tg.jpg */ = {isa = PBXFileReference; lastKnownFileType = image.jpeg; path = d0c21786ly1gavj2cdrkyj20c80720tg.jpg; sourceTree = "<group>"; };
		EA2069E92506323000C10055 /* bca7fdafly1gax1gqehdaj20c80atq3x.jpg */ = {isa = PBXFileReference; lastKnownFileType = image.jpeg; path = bca7fdafly1gax1gqehdaj20c80atq3x.jpg; sourceTree = "<group>"; };
		EA2069EA2506323000C10055 /* d0c21786ly1gavj2d17d9j20c808zq3r.jpg */ = {isa = PBXFileReference; lastKnownFileType = image.jpeg; path = d0c21786ly1gavj2d17d9j20c808zq3r.jpg; sourceTree = "<group>"; };
		EA2069EB2506323000C10055 /* 8a0b5544gy1gauy2gz000j20u00n6wgj.jpg */ = {isa = PBXFileReference; lastKnownFileType = image.jpeg; path = 8a0b5544gy1gauy2gz000j20u00n6wgj.jpg; sourceTree = "<group>"; };
		EA2069EC2506323000C10055 /* 006PdkDogy1gap6ngj12ej30u011itf7.jpg */ = {isa = PBXFileReference; lastKnownFileType = image.jpeg; path = 006PdkDogy1gap6ngj12ej30u011itf7.jpg; sourceTree = "<group>"; };
		EA2069ED2506323000C10055 /* 700a34f6gy1gaunsx2jywj20j60pkaeu.jpg */ = {isa = PBXFileReference; lastKnownFileType = image.jpeg; path = 700a34f6gy1gaunsx2jywj20j60pkaeu.jpg; sourceTree = "<group>"; };
		EA2069EE2506323000C10055 /* 4e7f0c83gy1gam2mr1b81j22tc2407wi.jpg */ = {isa = PBXFileReference; lastKnownFileType = image.jpeg; path = 4e7f0c83gy1gam2mr1b81j22tc2407wi.jpg; sourceTree = "<group>"; };
		EA2069EF2506323000C10055 /* 6a2afec3jw8fb4ld0qf2gj20e80dsdfz.jpg */ = {isa = PBXFileReference; lastKnownFileType = image.jpeg; path = 6a2afec3jw8fb4ld0qf2gj20e80dsdfz.jpg; sourceTree = "<group>"; };
		EA2069F02506323000C10055 /* bca7fdafly1gax1gqd9vmj20c80ayaam.jpg */ = {isa = PBXFileReference; lastKnownFileType = image.jpeg; path = bca7fdafly1gax1gqd9vmj20c80ayaam.jpg; sourceTree = "<group>"; };
		EA2069F12506323000C10055 /* 8a0b5544gy1gauy2hcozsj20u01czdiy.jpg */ = {isa = PBXFileReference; lastKnownFileType = image.jpeg; path = 8a0b5544gy1gauy2hcozsj20u01czdiy.jpg; sourceTree = "<group>"; };
		EA2069F22506323000C10055 /* c5aa834fgy1gauzr95r6fj20tw0l3dq4.jpg */ = {isa = PBXFileReference; lastKnownFileType = image.jpeg; path = c5aa834fgy1gauzr95r6fj20tw0l3dq4.jpg; sourceTree = "<group>"; };
		EA2069F32506323000C10055 /* 006PdkDogy1gap6ngiyn3j30u011idle.jpg */ = {isa = PBXFileReference; lastKnownFileType = image.jpeg; path = 006PdkDogy1gap6ngiyn3j30u011idle.jpg; sourceTree = "<group>"; };
		EA2069F42506323000C10055 /* d0c21786ly1gavj2btv6tj20c80790tg.jpg */ = {isa = PBXFileReference; lastKnownFileType = image.jpeg; path = d0c21786ly1gavj2btv6tj20c80790tg.jpg; sourceTree = "<group>"; };
		EA2069F52506323000C10055 /* PostListData_hot_1.json */ = {isa = PBXFileReference; fileEncoding = 4; lastKnownFileType = text.json; path = PostListData_hot_1.json; sourceTree = "<group>"; };
		EA2069F62506323000C10055 /* eb5c94aely8fmvumnl9baj20v90v9q49.jpg */ = {isa = PBXFileReference; lastKnownFileType = image.jpeg; path = eb5c94aely8fmvumnl9baj20v90v9q49.jpg; sourceTree = "<group>"; };
		EA2069F72506323000C10055 /* 630584a6ly8fqs5wwkkmrj20ku0kuta7.jpg */ = {isa = PBXFileReference; lastKnownFileType = image.jpeg; path = 630584a6ly8fqs5wwkkmrj20ku0kuta7.jpg; sourceTree = "<group>"; };
		EA2069F82506323000C10055 /* d0c21786ly1gavj2cowp9j20c8083ab4.jpg */ = {isa = PBXFileReference; lastKnownFileType = image.jpeg; path = d0c21786ly1gavj2cowp9j20c8083ab4.jpg; sourceTree = "<group>"; };
		EA2069F92506323000C10055 /* 9dc7402fgy1gavd367p0pj20j60nywic.jpg */ = {isa = PBXFileReference; lastKnownFileType = image.jpeg; path = 9dc7402fgy1gavd367p0pj20j60nywic.jpg; sourceTree = "<group>"; };
		EA2069FA2506323000C10055 /* 006gWxMEly1gavap86qr9j30ht0qo40t.jpg */ = {isa = PBXFileReference; lastKnownFileType = image.jpeg; path = 006gWxMEly1gavap86qr9j30ht0qo40t.jpg; sourceTree = "<group>"; };
		EA2069FB2506323000C10055 /* 76297935ly1gatz8k5itij22c02c01ky.jpg */ = {isa = PBXFileReference; lastKnownFileType = image.jpeg; path = 76297935ly1gatz8k5itij22c02c01ky.jpg; sourceTree = "<group>"; };
		EA2069FC2506323000C10055 /* 76297935ly1gatz8g5rvxj22c03401kz.jpg */ = {isa = PBXFileReference; lastKnownFileType = image.jpeg; path = 76297935ly1gatz8g5rvxj22c03401kz.jpg; sourceTree = "<group>"; };
		EA2069FD2506323000C10055 /* 700a34f6gy1gaunsxhp4pj20j60pkn1k.jpg */ = {isa = PBXFileReference; lastKnownFileType = image.jpeg; path = 700a34f6gy1gaunsxhp4pj20j60pkn1k.jpg; sourceTree = "<group>"; };
		EA2069FE2506323000C10055 /* eb5c94aegy1gav2509cp5j20zk0k0n2j.jpg */ = {isa = PBXFileReference; lastKnownFileType = image.jpeg; path = eb5c94aegy1gav2509cp5j20zk0k0n2j.jpg; sourceTree = "<group>"; };
		EA2069FF2506323000C10055 /* 4e7f0c83gy1gam2mn58d3j22tc240qv5.jpg */ = {isa = PBXFileReference; lastKnownFileType = image.jpeg; path = 4e7f0c83gy1gam2mn58d3j22tc240qv5.jpg; sourceTree = "<group>"; };
		EA206A002506323000C10055 /* eb5c94aegy1gav26fycwlj20zk1h8drh.jpg */ = {isa = PBXFileReference; lastKnownFileType = image.jpeg; path = eb5c94aegy1gav26fycwlj20zk1h8drh.jpg; sourceTree = "<group>"; };
		EA206A012506323000C10055 /* 630584a6gy1gau54zyj61j20m80etn07.jpg */ = {isa = PBXFileReference; lastKnownFileType = image.jpeg; path = 630584a6gy1gau54zyj61j20m80etn07.jpg; sourceTree = "<group>"; };
		EA206A022506323000C10055 /* c5aa834fgy1gauzr8ok78j20tz12fk8w.jpg */ = {isa = PBXFileReference; lastKnownFileType = image.jpeg; path = c5aa834fgy1gauzr8ok78j20tz12fk8w.jpg; sourceTree = "<group>"; };
		EA206A032506323000C10055 /* 76297935ly8g4phfkq68hj20u00u0mzt.jpg */ = {isa = PBXFileReference; lastKnownFileType = image.jpeg; path = 76297935ly8g4phfkq68hj20u00u0mzt.jpg; sourceTree = "<group>"; };
		EA206A042506323000C10055 /* 9dc7402fgy1gavd37l9nwj20j60ny44q.jpg */ = {isa = PBXFileReference; lastKnownFileType = image.jpeg; path = 9dc7402fgy1gavd37l9nwj20j60ny44q.jpg; sourceTree = "<group>"; };
		EA206A052506323000C10055 /* 700a34f6gy1gaunswwui7j20j60pl78e.jpg */ = {isa = PBXFileReference; lastKnownFileType = image.jpeg; path = 700a34f6gy1gaunswwui7j20j60pl78e.jpg; sourceTree = "<group>"; };
		EA206A062506323000C10055 /* 630584a6gy1gau54zgaxhj20m80et0vq.jpg */ = {isa = PBXFileReference; lastKnownFileType = image.jpeg; path = 630584a6gy1gau54zgaxhj20m80et0vq.jpg; sourceTree = "<group>"; };
		EA206A072506323000C10055 /* 4e7f0c83gy1gam2mjhk8zj21hc0v6wnx.jpg */ = {isa = PBXFileReference; lastKnownFileType = image.jpeg; path = 4e7f0c83gy1gam2mjhk8zj21hc0v6wnx.jpg; sourceTree = "<group>"; };
		EA206A082506323000C10055 /* 6ec3b446gy1gavd4xud8lj20j60qkwj0.jpg */ = {isa = PBXFileReference; lastKnownFileType = image.jpeg; path = 6ec3b446gy1gavd4xud8lj20j60qkwj0.jpg; sourceTree = "<group>"; };
		EA206A092506323000C10055 /* 4e7f0c83ly8g1ho507078j20ro0rojtq.jpg */ = {isa = PBXFileReference; lastKnownFileType = image.jpeg; path = 4e7f0c83ly8g1ho507078j20ro0rojtq.jpg; sourceTree = "<group>"; };
		EA206A0A2506323000C10055 /* bca7fdafly1gax1gqdhouj20c80axaam.jpg */ = {isa = PBXFileReference; lastKnownFileType = image.jpeg; path = bca7fdafly1gax1gqdhouj20c80axaam.jpg; sourceTree = "<group>"; };
		EA206A0B2506323000C10055 /* 6ec3b446gy1gavd523embj20j60pytd6.jpg */ = {isa = PBXFileReference; lastKnownFileType = image.jpeg; path = 6ec3b446gy1gavd523embj20j60pytd6.jpg; sourceTree = "<group>"; };
		EA206A0C2506323000C10055 /* 005tnxzUly8gab4i2r73xj30u00u0js8.jpg */ = {isa = PBXFileReference; lastKnownFileType = image.jpeg; path = 005tnxzUly8gab4i2r73xj30u00u0js8.jpg; sourceTree = "<group>"; };
		EA206A602506886400C10055 /* PostVIPBadge.swift */ = {isa = PBXFileReference; lastKnownFileType = sourcecode.swift; path = PostVIPBadge.swift; sourceTree = "<group>"; };
		EA206A6325070DFB00C10055 /* Post.swift */ = {isa = PBXFileReference; lastKnownFileType = sourcecode.swift; path = Post.swift; sourceTree = "<group>"; };
		EA206A66250713C900C10055 /* PostViewModel.swift */ = {isa = PBXFileReference; lastKnownFileType = sourcecode.swift; path = PostViewModel.swift; sourceTree = "<group>"; };
		EA206A682507737000C10055 /* PostCellToolBarButton.swift */ = {isa = PBXFileReference; lastKnownFileType = sourcecode.swift; path = PostCellToolBarButton.swift; sourceTree = "<group>"; };
		EA206A6A250778A800C10055 /* PostListView.swift */ = {isa = PBXFileReference; lastKnownFileType = sourcecode.swift; path = PostListView.swift; sourceTree = "<group>"; };
		EA206A6C25078E7800C10055 /* PostImageCell.swift */ = {isa = PBXFileReference; lastKnownFileType = sourcecode.swift; path = PostImageCell.swift; sourceTree = "<group>"; };
		EA206A71250791C800C10055 /* PostImageCellRow.swift */ = {isa = PBXFileReference; lastKnownFileType = sourcecode.swift; path = PostImageCellRow.swift; sourceTree = "<group>"; };
		EA61FCF424EBA07D00C178BD /* PostCell.swift */ = {isa = PBXFileReference; lastKnownFileType = sourcecode.swift; path = PostCell.swift; sourceTree = "<group>"; };
		EA80404824EA282900D60942 /* WeiBoDemo.app */ = {isa = PBXFileReference; explicitFileType = wrapper.application; includeInIndex = 0; path = WeiBoDemo.app; sourceTree = BUILT_PRODUCTS_DIR; };
		EA80404B24EA282900D60942 /* AppDelegate.swift */ = {isa = PBXFileReference; lastKnownFileType = sourcecode.swift; path = AppDelegate.swift; sourceTree = "<group>"; };
		EA80404D24EA282900D60942 /* SceneDelegate.swift */ = {isa = PBXFileReference; lastKnownFileType = sourcecode.swift; path = SceneDelegate.swift; sourceTree = "<group>"; };
		EA80404F24EA282900D60942 /* ContentView.swift */ = {isa = PBXFileReference; lastKnownFileType = sourcecode.swift; path = ContentView.swift; sourceTree = "<group>"; };
		EA80405124EA282D00D60942 /* Assets.xcassets */ = {isa = PBXFileReference; lastKnownFileType = folder.assetcatalog; path = Assets.xcassets; sourceTree = "<group>"; };
		EA80405424EA282D00D60942 /* Preview Assets.xcassets */ = {isa = PBXFileReference; lastKnownFileType = folder.assetcatalog; path = "Preview Assets.xcassets"; sourceTree = "<group>"; };
		EA80405724EA282D00D60942 /* Base */ = {isa = PBXFileReference; lastKnownFileType = file.storyboard; name = Base; path = Base.lproj/LaunchScreen.storyboard; sourceTree = "<group>"; };
		EA80405924EA282D00D60942 /* Info.plist */ = {isa = PBXFileReference; lastKnownFileType = text.plist.xml; path = Info.plist; sourceTree = "<group>"; };
		EAC0AA55250CA41400CD11C3 /* HomeNavigationBar.swift */ = {isa = PBXFileReference; lastKnownFileType = sourcecode.swift; path = HomeNavigationBar.swift; sourceTree = "<group>"; };
		EAC0AA57250CAA8800CD11C3 /* HomeView.swift */ = {isa = PBXFileReference; lastKnownFileType = sourcecode.swift; path = HomeView.swift; sourceTree = "<group>"; };
		EAC0AA59250CAE6200CD11C3 /* PostListCategory.swift */ = {isa = PBXFileReference; lastKnownFileType = sourcecode.swift; path = PostListCategory.swift; sourceTree = "<group>"; };
		EAC0AA5D250CC1F400CD11C3 /* HScrollViewController.swift */ = {isa = PBXFileReference; lastKnownFileType = sourcecode.swift; path = HScrollViewController.swift; sourceTree = "<group>"; };
/* End PBXFileReference section */

/* Begin PBXFrameworksBuildPhase section */
		EA80404524EA282900D60942 /* Frameworks */ = {
			isa = PBXFrameworksBuildPhase;
			buildActionMask = 2147483647;
			files = (
			);
			runOnlyForDeploymentPostprocessing = 0;
		};
/* End PBXFrameworksBuildPhase section */

/* Begin PBXGroup section */
		EA2069B92506323000C10055 /* Resources */ = {
			isa = PBXGroup;
			children = (
				EA2069BA2506323000C10055 /* 8697cf1ely8gashxj3b09j20u00u040v.jpg */,
				EA2069BB2506323000C10055 /* d0c21786ly1gavj2c0kcej20c8096dh7.jpg */,
				EA2069BC2506323000C10055 /* 6ec3b446jw1e8qgp5bmzyj2050050aa8.jpg */,
				EA2069BD2506323000C10055 /* 8a0b5544jw1e8qgp5bmzyj2050050aa8.jpg */,
				EA2069BE2506323000C10055 /* bca7fdafly1gax1gqdg6qj20c80avdgl.jpg */,
				EA2069BF2506323000C10055 /* 9dc7402fjw1e8qgp5bmzyj2050050aa8.jpg */,
				EA2069C02506323000C10055 /* eb5c94aegy1gav25n5ibjj20zk1h8wuu.jpg */,
				EA2069C12506323000C10055 /* 006gWxMEly1gavap8dywoj30hs0bwq48.jpg */,
				EA2069C22506323000C10055 /* 630584a6gy1gau54zl806j20m80etmzo.jpg */,
				EA2069C32506323000C10055 /* 9dc7402fgy1gavd38wwlrj20j60nyq6y.jpg */,
				EA2069C42506323000C10055 /* 8a0b5544gy1gauy2flua6j20u00hitab.jpg */,
				EA2069C52506323000C10055 /* 7f9147a5ly1fzxlh4ovuej20e90fl4fo.jpg */,
				EA2069C62506323000C10055 /* 7f9147a5ly1fzxlgxgzpij20e90fltsj.jpg */,
				EA2069C72506323000C10055 /* 76297935ly1gatz8obqvkj22c0340npe.jpg */,
				EA2069C82506323000C10055 /* d0c21786ly8fsax1ftiifj20ro0ro43g.jpg */,
				EA2069C92506323000C10055 /* 9dc7402fgy1gavd38kqjtj20j60nyn1d.jpg */,
				EA2069CA2506323000C10055 /* 6a2afec3gy1gaulykcejqj20t5145wns.jpg */,
				EA2069CB2506323000C10055 /* 4e7f0c83gy1gam2mp0x4pj22tc240u0x.jpg */,
				EA2069CC2506323000C10055 /* c5aa834fgy1gauzrb7s5ej20tz13qh5x.jpg */,
				EA2069CD2506323000C10055 /* 700a34f6gy1gaunswxtlrj20j60pkgok.jpg */,
				EA2069CE2506323000C10055 /* 8a0b5544gy1gauy2ex786j20u0129aed.jpg */,
				EA2069CF2506323000C10055 /* 76297935ly1gatz89dzblj23402c0qv6.jpg */,
				EA2069D02506323000C10055 /* 700a34f6gy1gaunswy5qnj20j60pkadk.jpg */,
				EA2069D12506323000C10055 /* bca7fdafgw1ekhkps65b1j2050050dg4.jpg */,
				EA2069D22506323000C10055 /* PostListData_recommend_1.json */,
				EA2069D32506323000C10055 /* 006gWxMEly8g0bjpl3ynij30kv0kv773.jpg */,
				EA2069D42506323000C10055 /* 6ec3b446gy1gavd51jc4lj20j60pmwhl.jpg */,
				EA2069D52506323000C10055 /* 006gWxMEly1gavap88gttj30hs0a0dgf.jpg */,
				EA2069D62506323000C10055 /* 4e7f0c83gy1gam2ml6nucj22tc240kjl.jpg */,
				EA2069D72506323000C10055 /* 4e7f0c83gy1gam2misv31j21hc0u016k.jpg */,
				EA2069D82506323000C10055 /* 8a0b5544gy1gauy2gmkg9j20u00gegnp.jpg */,
				EA2069D92506323000C10055 /* 006gWxMEly1gavap8vsqaj30hs0bwgm6.jpg */,
				EA2069DA2506323000C10055 /* 648ed25bjw8est9nqrtnij20500503yr.jpg */,
				EA2069DB2506323000C10055 /* eb5c94aegy1gav25ox6dvj20u00k1go9.jpg */,
				EA2069DC2506323000C10055 /* 8a0b5544gy1gauy2g35yoj20u00fomzf.jpg */,
				EA2069DD2506323000C10055 /* 006PdkDoly8ffywe2fq39j304g04gwed.jpg */,
				EA2069DE2506323000C10055 /* 700a34f6gy1gaunsxgzixj20j60edmz8.jpg */,
				EA2069DF2506323000C10055 /* bca7fdafly1gax1gqdnboj20c80atmxp.jpg */,
				EA2069E02506323000C10055 /* c5aa834fgy1gauzr6venkj20u01hc12f.jpg */,
				EA2069E12506323000C10055 /* 7f9147a5ly1fzxlh6hzdnj20e90fl7me.jpg */,
				EA2069E22506323000C10055 /* 630584a6gy1gau54zm4dtj20m80dftbv.jpg */,
				EA2069E32506323000C10055 /* c5aa834fgy1gauzr86bp5j20pb0w47in.jpg */,
				EA2069E42506323000C10055 /* 9dc7402fgy1gavd39ba15j20j60nywii.jpg */,
				EA2069E52506323000C10055 /* bca7fdafly1gax1gqfgsjj20c80axaay.jpg */,
				EA2069E62506323000C10055 /* c5aa834fly8g97m8ix9lcj20re0regnk.jpg */,
				EA2069E72506323000C10055 /* 700a34f6ly8g9a29rjt92j20fn0iqdg8.jpg */,
				EA2069E82506323000C10055 /* d0c21786ly1gavj2cdrkyj20c80720tg.jpg */,
				EA2069E92506323000C10055 /* bca7fdafly1gax1gqehdaj20c80atq3x.jpg */,
				EA2069EA2506323000C10055 /* d0c21786ly1gavj2d17d9j20c808zq3r.jpg */,
				EA2069EB2506323000C10055 /* 8a0b5544gy1gauy2gz000j20u00n6wgj.jpg */,
				EA2069EC2506323000C10055 /* 006PdkDogy1gap6ngj12ej30u011itf7.jpg */,
				EA2069ED2506323000C10055 /* 700a34f6gy1gaunsx2jywj20j60pkaeu.jpg */,
				EA2069EE2506323000C10055 /* 4e7f0c83gy1gam2mr1b81j22tc2407wi.jpg */,
				EA2069EF2506323000C10055 /* 6a2afec3jw8fb4ld0qf2gj20e80dsdfz.jpg */,
				EA2069F02506323000C10055 /* bca7fdafly1gax1gqd9vmj20c80ayaam.jpg */,
				EA2069F12506323000C10055 /* 8a0b5544gy1gauy2hcozsj20u01czdiy.jpg */,
				EA2069F22506323000C10055 /* c5aa834fgy1gauzr95r6fj20tw0l3dq4.jpg */,
				EA2069F32506323000C10055 /* 006PdkDogy1gap6ngiyn3j30u011idle.jpg */,
				EA2069F42506323000C10055 /* d0c21786ly1gavj2btv6tj20c80790tg.jpg */,
				EA2069F52506323000C10055 /* PostListData_hot_1.json */,
				EA2069F62506323000C10055 /* eb5c94aely8fmvumnl9baj20v90v9q49.jpg */,
				EA2069F72506323000C10055 /* 630584a6ly8fqs5wwkkmrj20ku0kuta7.jpg */,
				EA2069F82506323000C10055 /* d0c21786ly1gavj2cowp9j20c8083ab4.jpg */,
				EA2069F92506323000C10055 /* 9dc7402fgy1gavd367p0pj20j60nywic.jpg */,
				EA2069FA2506323000C10055 /* 006gWxMEly1gavap86qr9j30ht0qo40t.jpg */,
				EA2069FB2506323000C10055 /* 76297935ly1gatz8k5itij22c02c01ky.jpg */,
				EA2069FC2506323000C10055 /* 76297935ly1gatz8g5rvxj22c03401kz.jpg */,
				EA2069FD2506323000C10055 /* 700a34f6gy1gaunsxhp4pj20j60pkn1k.jpg */,
				EA2069FE2506323000C10055 /* eb5c94aegy1gav2509cp5j20zk0k0n2j.jpg */,
				EA2069FF2506323000C10055 /* 4e7f0c83gy1gam2mn58d3j22tc240qv5.jpg */,
				EA206A002506323000C10055 /* eb5c94aegy1gav26fycwlj20zk1h8drh.jpg */,
				EA206A012506323000C10055 /* 630584a6gy1gau54zyj61j20m80etn07.jpg */,
				EA206A022506323000C10055 /* c5aa834fgy1gauzr8ok78j20tz12fk8w.jpg */,
				EA206A032506323000C10055 /* 76297935ly8g4phfkq68hj20u00u0mzt.jpg */,
				EA206A042506323000C10055 /* 9dc7402fgy1gavd37l9nwj20j60ny44q.jpg */,
				EA206A052506323000C10055 /* 700a34f6gy1gaunswwui7j20j60pl78e.jpg */,
				EA206A062506323000C10055 /* 630584a6gy1gau54zgaxhj20m80et0vq.jpg */,
				EA206A072506323000C10055 /* 4e7f0c83gy1gam2mjhk8zj21hc0v6wnx.jpg */,
				EA206A082506323000C10055 /* 6ec3b446gy1gavd4xud8lj20j60qkwj0.jpg */,
				EA206A092506323000C10055 /* 4e7f0c83ly8g1ho507078j20ro0rojtq.jpg */,
				EA206A0A2506323000C10055 /* bca7fdafly1gax1gqdhouj20c80axaam.jpg */,
				EA206A0B2506323000C10055 /* 6ec3b446gy1gavd523embj20j60pytd6.jpg */,
				EA206A0C2506323000C10055 /* 005tnxzUly8gab4i2r73xj30u00u0js8.jpg */,
			);
			path = Resources;
			sourceTree = "<group>";
		};
		EA206A6225070DED00C10055 /* Models */ = {
			isa = PBXGroup;
			children = (
				EAC0AA5B250CAE8B00CD11C3 /* Post */,
			);
			path = Models;
			sourceTree = "<group>";
		};
		EA206A6525070E9700C10055 /* ViewModels */ = {
			isa = PBXGroup;
			children = (
				EA206A66250713C900C10055 /* PostViewModel.swift */,
			);
			path = ViewModels;
			sourceTree = "<group>";
		};
		EA206A6E2507913300C10055 /* Post */ = {
			isa = PBXGroup;
			children = (
				EA61FCF424EBA07D00C178BD /* PostCell.swift */,
				EA206A6A250778A800C10055 /* PostListView.swift */,
				EA206A702507917400C10055 /* Components */,
				EA206A6F2507913C00C10055 /* Image */,
			);
			path = Post;
			sourceTree = "<group>";
		};
		EA206A6F2507913C00C10055 /* Image */ = {
			isa = PBXGroup;
			children = (
				EA206A6C25078E7800C10055 /* PostImageCell.swift */,
				EA206A71250791C800C10055 /* PostImageCellRow.swift */,
			);
			path = Image;
			sourceTree = "<group>";
		};
		EA206A702507917400C10055 /* Components */ = {
			isa = PBXGroup;
			children = (
				EA206A602506886400C10055 /* PostVIPBadge.swift */,
				EA206A682507737000C10055 /* PostCellToolBarButton.swift */,
			);
			path = Components;
			sourceTree = "<group>";
		};
		EA61FCF324EBA05500C178BD /* Views */ = {
			isa = PBXGroup;
			children = (
				EAC0AA54250CA34D00CD11C3 /* Home */,
				EA206A6E2507913300C10055 /* Post */,
			);
			path = Views;
			sourceTree = "<group>";
		};
		EA80403F24EA282900D60942 = {
			isa = PBXGroup;
			children = (
				EA80404A24EA282900D60942 /* WeiBoDemo */,
				EA80404924EA282900D60942 /* Products */,
			);
			sourceTree = "<group>";
		};
		EA80404924EA282900D60942 /* Products */ = {
			isa = PBXGroup;
			children = (
				EA80404824EA282900D60942 /* WeiBoDemo.app */,
			);
			name = Products;
			sourceTree = "<group>";
		};
		EA80404A24EA282900D60942 /* WeiBoDemo */ = {
			isa = PBXGroup;
			children = (
				EAC0AA5C250CC1DB00CD11C3 /* Utils */,
				EA206A6525070E9700C10055 /* ViewModels */,
				EA206A6225070DED00C10055 /* Models */,
				EA61FCF324EBA05500C178BD /* Views */,
				EA80404B24EA282900D60942 /* AppDelegate.swift */,
				EA80404D24EA282900D60942 /* SceneDelegate.swift */,
				EA80404F24EA282900D60942 /* ContentView.swift */,
				EA2069B92506323000C10055 /* Resources */,
				EA80405124EA282D00D60942 /* Assets.xcassets */,
				EA80405624EA282D00D60942 /* LaunchScreen.storyboard */,
				EA80405924EA282D00D60942 /* Info.plist */,
				EA80405324EA282D00D60942 /* Preview Content */,
			);
			path = WeiBoDemo;
			sourceTree = "<group>";
		};
		EA80405324EA282D00D60942 /* Preview Content */ = {
			isa = PBXGroup;
			children = (
				EA80405424EA282D00D60942 /* Preview Assets.xcassets */,
			);
			path = "Preview Content";
			sourceTree = "<group>";
		};
		EAC0AA54250CA34D00CD11C3 /* Home */ = {
			isa = PBXGroup;
			children = (
				EAC0AA55250CA41400CD11C3 /* HomeNavigationBar.swift */,
				EAC0AA57250CAA8800CD11C3 /* HomeView.swift */,
			);
			path = Home;
			sourceTree = "<group>";
		};
		EAC0AA5B250CAE8B00CD11C3 /* Post */ = {
			isa = PBXGroup;
			children = (
				EA206A6325070DFB00C10055 /* Post.swift */,
				EAC0AA59250CAE6200CD11C3 /* PostListCategory.swift */,
			);
			path = Post;
			sourceTree = "<group>";
		};
		EAC0AA5C250CC1DB00CD11C3 /* Utils */ = {
			isa = PBXGroup;
			children = (
				EAC0AA5D250CC1F400CD11C3 /* HScrollViewController.swift */,
			);
			path = Utils;
			sourceTree = "<group>";
		};
/* End PBXGroup section */

/* Begin PBXNativeTarget section */
		EA80404724EA282900D60942 /* WeiBoDemo */ = {
			isa = PBXNativeTarget;
			buildConfigurationList = EA80405C24EA282D00D60942 /* Build configuration list for PBXNativeTarget "WeiBoDemo" */;
			buildPhases = (
				EA80404424EA282900D60942 /* Sources */,
				EA80404524EA282900D60942 /* Frameworks */,
				EA80404624EA282900D60942 /* Resources */,
			);
			buildRules = (
			);
			dependencies = (
			);
			name = WeiBoDemo;
			productName = WeiBoDemo;
			productReference = EA80404824EA282900D60942 /* WeiBoDemo.app */;
			productType = "com.apple.product-type.application";
		};
/* End PBXNativeTarget section */

/* Begin PBXProject section */
		EA80404024EA282900D60942 /* Project object */ = {
			isa = PBXProject;
			attributes = {
				LastSwiftUpdateCheck = 1160;
				LastUpgradeCheck = 1160;
				ORGANIZATIONNAME = "YangHan-Morningstar";
				TargetAttributes = {
					EA80404724EA282900D60942 = {
						CreatedOnToolsVersion = 11.6;
					};
				};
			};
			buildConfigurationList = EA80404324EA282900D60942 /* Build configuration list for PBXProject "WeiBoDemo" */;
			compatibilityVersion = "Xcode 9.3";
			developmentRegion = en;
			hasScannedForEncodings = 0;
			knownRegions = (
				en,
				Base,
			);
			mainGroup = EA80403F24EA282900D60942;
			productRefGroup = EA80404924EA282900D60942 /* Products */;
			projectDirPath = "";
			projectRoot = "";
			targets = (
				EA80404724EA282900D60942 /* WeiBoDemo */,
			);
		};
/* End PBXProject section */

/* Begin PBXResourcesBuildPhase section */
		EA80404624EA282900D60942 /* Resources */ = {
			isa = PBXResourcesBuildPhase;
			buildActionMask = 2147483647;
			files = (
				EA206A0F2506323000C10055 /* 6ec3b446jw1e8qgp5bmzyj2050050aa8.jpg in Resources */,
				EA206A422506323100C10055 /* 6a2afec3jw8fb4ld0qf2gj20e80dsdfz.jpg in Resources */,
				EA206A512506323100C10055 /* eb5c94aegy1gav2509cp5j20zk0k0n2j.jpg in Resources */,
				EA206A522506323100C10055 /* 4e7f0c83gy1gam2mn58d3j22tc240qv5.jpg in Resources */,
				EA206A1E2506323100C10055 /* 4e7f0c83gy1gam2mp0x4pj22tc240u0x.jpg in Resources */,
				EA206A5E2506323100C10055 /* 6ec3b446gy1gavd523embj20j60pytd6.jpg in Resources */,
				EA206A2B2506323100C10055 /* 8a0b5544gy1gauy2gmkg9j20u00gegnp.jpg in Resources */,
				EA206A212506323100C10055 /* 8a0b5544gy1gauy2ex786j20u0129aed.jpg in Resources */,
				EA206A3C2506323100C10055 /* bca7fdafly1gax1gqehdaj20c80atq3x.jpg in Resources */,
				EA206A342506323100C10055 /* 7f9147a5ly1fzxlh6hzdnj20e90fl7me.jpg in Resources */,
				EA206A102506323000C10055 /* 8a0b5544jw1e8qgp5bmzyj2050050aa8.jpg in Resources */,
				EA206A542506323100C10055 /* 630584a6gy1gau54zyj61j20m80etn07.jpg in Resources */,
				EA206A382506323100C10055 /* bca7fdafly1gax1gqfgsjj20c80axaay.jpg in Resources */,
				EA206A1D2506323100C10055 /* 6a2afec3gy1gaulykcejqj20t5145wns.jpg in Resources */,
				EA206A472506323100C10055 /* d0c21786ly1gavj2btv6tj20c80790tg.jpg in Resources */,
				EA206A4A2506323100C10055 /* 630584a6ly8fqs5wwkkmrj20ku0kuta7.jpg in Resources */,
				EA206A0D2506323000C10055 /* 8697cf1ely8gashxj3b09j20u00u040v.jpg in Resources */,
				EA206A262506323100C10055 /* 006gWxMEly8g0bjpl3ynij30kv0kv773.jpg in Resources */,
				EA206A152506323100C10055 /* 630584a6gy1gau54zl806j20m80etmzo.jpg in Resources */,
				EA206A322506323100C10055 /* bca7fdafly1gax1gqdnboj20c80atmxp.jpg in Resources */,
				EA206A462506323100C10055 /* 006PdkDogy1gap6ngiyn3j30u011idle.jpg in Resources */,
				EA206A242506323100C10055 /* bca7fdafgw1ekhkps65b1j2050050dg4.jpg in Resources */,
				EA206A172506323100C10055 /* 8a0b5544gy1gauy2flua6j20u00hitab.jpg in Resources */,
				EA206A5F2506323100C10055 /* 005tnxzUly8gab4i2r73xj30u00u0js8.jpg in Resources */,
				EA206A392506323100C10055 /* c5aa834fly8g97m8ix9lcj20re0regnk.jpg in Resources */,
				EA206A142506323000C10055 /* 006gWxMEly1gavap8dywoj30hs0bwq48.jpg in Resources */,
				EA206A2C2506323100C10055 /* 006gWxMEly1gavap8vsqaj30hs0bwgm6.jpg in Resources */,
				EA206A502506323100C10055 /* 700a34f6gy1gaunsxhp4pj20j60pkn1k.jpg in Resources */,
				EA206A1F2506323100C10055 /* c5aa834fgy1gauzrb7s5ej20tz13qh5x.jpg in Resources */,
				EA206A162506323100C10055 /* 9dc7402fgy1gavd38wwlrj20j60nyq6y.jpg in Resources */,
				EA206A0E2506323000C10055 /* d0c21786ly1gavj2c0kcej20c8096dh7.jpg in Resources */,
				EA206A4F2506323100C10055 /* 76297935ly1gatz8g5rvxj22c03401kz.jpg in Resources */,
				EA206A3F2506323100C10055 /* 006PdkDogy1gap6ngj12ej30u011itf7.jpg in Resources */,
				EA206A122506323000C10055 /* 9dc7402fjw1e8qgp5bmzyj2050050aa8.jpg in Resources */,
				EA206A482506323100C10055 /* PostListData_hot_1.json in Resources */,
				EA206A3D2506323100C10055 /* d0c21786ly1gavj2d17d9j20c808zq3r.jpg in Resources */,
				EA206A4B2506323100C10055 /* d0c21786ly1gavj2cowp9j20c8083ab4.jpg in Resources */,
				EA206A2D2506323100C10055 /* 648ed25bjw8est9nqrtnij20500503yr.jpg in Resources */,
				EA80405824EA282D00D60942 /* LaunchScreen.storyboard in Resources */,
				EA206A312506323100C10055 /* 700a34f6gy1gaunsxgzixj20j60edmz8.jpg in Resources */,
				EA206A4D2506323100C10055 /* 006gWxMEly1gavap86qr9j30ht0qo40t.jpg in Resources */,
				EA206A292506323100C10055 /* 4e7f0c83gy1gam2ml6nucj22tc240kjl.jpg in Resources */,
				EA206A442506323100C10055 /* 8a0b5544gy1gauy2hcozsj20u01czdiy.jpg in Resources */,
				EA206A5B2506323100C10055 /* 6ec3b446gy1gavd4xud8lj20j60qkwj0.jpg in Resources */,
				EA206A402506323100C10055 /* 700a34f6gy1gaunsx2jywj20j60pkaeu.jpg in Resources */,
				EA206A232506323100C10055 /* 700a34f6gy1gaunswy5qnj20j60pkadk.jpg in Resources */,
				EA80405524EA282D00D60942 /* Preview Assets.xcassets in Resources */,
				EA206A4E2506323100C10055 /* 76297935ly1gatz8k5itij22c02c01ky.jpg in Resources */,
				EA206A4C2506323100C10055 /* 9dc7402fgy1gavd367p0pj20j60nywic.jpg in Resources */,
				EA206A592506323100C10055 /* 630584a6gy1gau54zgaxhj20m80et0vq.jpg in Resources */,
				EA206A5C2506323100C10055 /* 4e7f0c83ly8g1ho507078j20ro0rojtq.jpg in Resources */,
				EA206A432506323100C10055 /* bca7fdafly1gax1gqd9vmj20c80ayaam.jpg in Resources */,
				EA206A192506323100C10055 /* 7f9147a5ly1fzxlgxgzpij20e90fltsj.jpg in Resources */,
				EA206A452506323100C10055 /* c5aa834fgy1gauzr95r6fj20tw0l3dq4.jpg in Resources */,
				EA206A1A2506323100C10055 /* 76297935ly1gatz8obqvkj22c0340npe.jpg in Resources */,
				EA206A3A2506323100C10055 /* 700a34f6ly8g9a29rjt92j20fn0iqdg8.jpg in Resources */,
				EA206A272506323100C10055 /* 6ec3b446gy1gavd51jc4lj20j60pmwhl.jpg in Resources */,
				EA206A532506323100C10055 /* eb5c94aegy1gav26fycwlj20zk1h8drh.jpg in Resources */,
				EA206A202506323100C10055 /* 700a34f6gy1gaunswxtlrj20j60pkgok.jpg in Resources */,
				EA206A492506323100C10055 /* eb5c94aely8fmvumnl9baj20v90v9q49.jpg in Resources */,
				EA206A412506323100C10055 /* 4e7f0c83gy1gam2mr1b81j22tc2407wi.jpg in Resources */,
				EA80405224EA282D00D60942 /* Assets.xcassets in Resources */,
				EA206A2A2506323100C10055 /* 4e7f0c83gy1gam2misv31j21hc0u016k.jpg in Resources */,
				EA206A552506323100C10055 /* c5aa834fgy1gauzr8ok78j20tz12fk8w.jpg in Resources */,
				EA206A3B2506323100C10055 /* d0c21786ly1gavj2cdrkyj20c80720tg.jpg in Resources */,
				EA206A132506323000C10055 /* eb5c94aegy1gav25n5ibjj20zk1h8wuu.jpg in Resources */,
				EA206A5A2506323100C10055 /* 4e7f0c83gy1gam2mjhk8zj21hc0v6wnx.jpg in Resources */,
				EA206A572506323100C10055 /* 9dc7402fgy1gavd37l9nwj20j60ny44q.jpg in Resources */,
				EA206A112506323000C10055 /* bca7fdafly1gax1gqdg6qj20c80avdgl.jpg in Resources */,
				EA206A562506323100C10055 /* 76297935ly8g4phfkq68hj20u00u0mzt.jpg in Resources */,
				EA206A332506323100C10055 /* c5aa834fgy1gauzr6venkj20u01hc12f.jpg in Resources */,
				EA206A2E2506323100C10055 /* eb5c94aegy1gav25ox6dvj20u00k1go9.jpg in Resources */,
				EA206A582506323100C10055 /* 700a34f6gy1gaunswwui7j20j60pl78e.jpg in Resources */,
				EA206A282506323100C10055 /* 006gWxMEly1gavap88gttj30hs0a0dgf.jpg in Resources */,
				EA206A1C2506323100C10055 /* 9dc7402fgy1gavd38kqjtj20j60nyn1d.jpg in Resources */,
				EA206A2F2506323100C10055 /* 8a0b5544gy1gauy2g35yoj20u00fomzf.jpg in Resources */,
				EA206A302506323100C10055 /* 006PdkDoly8ffywe2fq39j304g04gwed.jpg in Resources */,
				EA206A1B2506323100C10055 /* d0c21786ly8fsax1ftiifj20ro0ro43g.jpg in Resources */,
				EA206A222506323100C10055 /* 76297935ly1gatz89dzblj23402c0qv6.jpg in Resources */,
				EA206A3E2506323100C10055 /* 8a0b5544gy1gauy2gz000j20u00n6wgj.jpg in Resources */,
				EA206A352506323100C10055 /* 630584a6gy1gau54zm4dtj20m80dftbv.jpg in Resources */,
				EA206A5D2506323100C10055 /* bca7fdafly1gax1gqdhouj20c80axaam.jpg in Resources */,
				EA206A372506323100C10055 /* 9dc7402fgy1gavd39ba15j20j60nywii.jpg in Resources */,
				EA206A362506323100C10055 /* c5aa834fgy1gauzr86bp5j20pb0w47in.jpg in Resources */,
				EA206A252506323100C10055 /* PostListData_recommend_1.json in Resources */,
				EA206A182506323100C10055 /* 7f9147a5ly1fzxlh4ovuej20e90fl4fo.jpg in Resources */,
			);
			runOnlyForDeploymentPostprocessing = 0;
		};
/* End PBXResourcesBuildPhase section */

/* Begin PBXSourcesBuildPhase section */
		EA80404424EA282900D60942 /* Sources */ = {
			isa = PBXSourcesBuildPhase;
			buildActionMask = 2147483647;
			files = (
				EAC0AA56250CA41400CD11C3 /* HomeNavigationBar.swift in Sources */,
				EA80404C24EA282900D60942 /* AppDelegate.swift in Sources */,
				EAC0AA58250CAA8800CD11C3 /* HomeView.swift in Sources */,
				EA206A67250713C900C10055 /* PostViewModel.swift in Sources */,
				EA80404E24EA282900D60942 /* SceneDelegate.swift in Sources */,
				EAC0AA5A250CAE6200CD11C3 /* PostListCategory.swift in Sources */,
				EA206A6D25078E7800C10055 /* PostImageCell.swift in Sources */,
				EA206A692507737000C10055 /* PostCellToolBarButton.swift in Sources */,
				EA80405024EA282900D60942 /* ContentView.swift in Sources */,
				EA206A6425070DFB00C10055 /* Post.swift in Sources */,
				EA61FCF524EBA07D00C178BD /* PostCell.swift in Sources */,
				EAC0AA5E250CC1F400CD11C3 /* HScrollViewController.swift in Sources */,
				EA206A72250791C800C10055 /* PostImageCellRow.swift in Sources */,
				EA206A6B250778A800C10055 /* PostListView.swift in Sources */,
				EA206A612506886400C10055 /* PostVIPBadge.swift in Sources */,
			);
			runOnlyForDeploymentPostprocessing = 0;
		};
/* End PBXSourcesBuildPhase section */

/* Begin PBXVariantGroup section */
		EA80405624EA282D00D60942 /* LaunchScreen.storyboard */ = {
			isa = PBXVariantGroup;
			children = (
				EA80405724EA282D00D60942 /* Base */,
			);
			name = LaunchScreen.storyboard;
			sourceTree = "<group>";
		};
/* End PBXVariantGroup section */

/* Begin XCBuildConfiguration section */
		EA80405A24EA282D00D60942 /* Debug */ = {
			isa = XCBuildConfiguration;
			buildSettings = {
				ALWAYS_SEARCH_USER_PATHS = NO;
				CLANG_ANALYZER_NONNULL = YES;
				CLANG_ANALYZER_NUMBER_OBJECT_CONVERSION = YES_AGGRESSIVE;
				CLANG_CXX_LANGUAGE_STANDARD = "gnu++14";
				CLANG_CXX_LIBRARY = "libc++";
				CLANG_ENABLE_MODULES = YES;
				CLANG_ENABLE_OBJC_ARC = YES;
				CLANG_ENABLE_OBJC_WEAK = YES;
				CLANG_WARN_BLOCK_CAPTURE_AUTORELEASING = YES;
				CLANG_WARN_BOOL_CONVERSION = YES;
				CLANG_WARN_COMMA = YES;
				CLANG_WARN_CONSTANT_CONVERSION = YES;
				CLANG_WARN_DEPRECATED_OBJC_IMPLEMENTATIONS = YES;
				CLANG_WARN_DIRECT_OBJC_ISA_USAGE = YES_ERROR;
				CLANG_WARN_DOCUMENTATION_COMMENTS = YES;
				CLANG_WARN_EMPTY_BODY = YES;
				CLANG_WARN_ENUM_CONVERSION = YES;
				CLANG_WARN_INFINITE_RECURSION = YES;
				CLANG_WARN_INT_CONVERSION = YES;
				CLANG_WARN_NON_LITERAL_NULL_CONVERSION = YES;
				CLANG_WARN_OBJC_IMPLICIT_RETAIN_SELF = YES;
				CLANG_WARN_OBJC_LITERAL_CONVERSION = YES;
				CLANG_WARN_OBJC_ROOT_CLASS = YES_ERROR;
				CLANG_WARN_RANGE_LOOP_ANALYSIS = YES;
				CLANG_WARN_STRICT_PROTOTYPES = YES;
				CLANG_WARN_SUSPICIOUS_MOVE = YES;
				CLANG_WARN_UNGUARDED_AVAILABILITY = YES_AGGRESSIVE;
				CLANG_WARN_UNREACHABLE_CODE = YES;
				CLANG_WARN__DUPLICATE_METHOD_MATCH = YES;
				COPY_PHASE_STRIP = NO;
				DEBUG_INFORMATION_FORMAT = dwarf;
				ENABLE_STRICT_OBJC_MSGSEND = YES;
				ENABLE_TESTABILITY = YES;
				GCC_C_LANGUAGE_STANDARD = gnu11;
				GCC_DYNAMIC_NO_PIC = NO;
				GCC_NO_COMMON_BLOCKS = YES;
				GCC_OPTIMIZATION_LEVEL = 0;
				GCC_PREPROCESSOR_DEFINITIONS = (
					"DEBUG=1",
					"$(inherited)",
				);
				GCC_WARN_64_TO_32_BIT_CONVERSION = YES;
				GCC_WARN_ABOUT_RETURN_TYPE = YES_ERROR;
				GCC_WARN_UNDECLARED_SELECTOR = YES;
				GCC_WARN_UNINITIALIZED_AUTOS = YES_AGGRESSIVE;
				GCC_WARN_UNUSED_FUNCTION = YES;
				GCC_WARN_UNUSED_VARIABLE = YES;
				IPHONEOS_DEPLOYMENT_TARGET = 13.6;
				MTL_ENABLE_DEBUG_INFO = INCLUDE_SOURCE;
				MTL_FAST_MATH = YES;
				ONLY_ACTIVE_ARCH = YES;
				SDKROOT = iphoneos;
				SWIFT_ACTIVE_COMPILATION_CONDITIONS = DEBUG;
				SWIFT_OPTIMIZATION_LEVEL = "-Onone";
			};
			name = Debug;
		};
		EA80405B24EA282D00D60942 /* Release */ = {
			isa = XCBuildConfiguration;
			buildSettings = {
				ALWAYS_SEARCH_USER_PATHS = NO;
				CLANG_ANALYZER_NONNULL = YES;
				CLANG_ANALYZER_NUMBER_OBJECT_CONVERSION = YES_AGGRESSIVE;
				CLANG_CXX_LANGUAGE_STANDARD = "gnu++14";
				CLANG_CXX_LIBRARY = "libc++";
				CLANG_ENABLE_MODULES = YES;
				CLANG_ENABLE_OBJC_ARC = YES;
				CLANG_ENABLE_OBJC_WEAK = YES;
				CLANG_WARN_BLOCK_CAPTURE_AUTORELEASING = YES;
				CLANG_WARN_BOOL_CONVERSION = YES;
				CLANG_WARN_COMMA = YES;
				CLANG_WARN_CONSTANT_CONVERSION = YES;
				CLANG_WARN_DEPRECATED_OBJC_IMPLEMENTATIONS = YES;
				CLANG_WARN_DIRECT_OBJC_ISA_USAGE = YES_ERROR;
				CLANG_WARN_DOCUMENTATION_COMMENTS = YES;
				CLANG_WARN_EMPTY_BODY = YES;
				CLANG_WARN_ENUM_CONVERSION = YES;
				CLANG_WARN_INFINITE_RECURSION = YES;
				CLANG_WARN_INT_CONVERSION = YES;
				CLANG_WARN_NON_LITERAL_NULL_CONVERSION = YES;
				CLANG_WARN_OBJC_IMPLICIT_RETAIN_SELF = YES;
				CLANG_WARN_OBJC_LITERAL_CONVERSION = YES;
				CLANG_WARN_OBJC_ROOT_CLASS = YES_ERROR;
				CLANG_WARN_RANGE_LOOP_ANALYSIS = YES;
				CLANG_WARN_STRICT_PROTOTYPES = YES;
				CLANG_WARN_SUSPICIOUS_MOVE = YES;
				CLANG_WARN_UNGUARDED_AVAILABILITY = YES_AGGRESSIVE;
				CLANG_WARN_UNREACHABLE_CODE = YES;
				CLANG_WARN__DUPLICATE_METHOD_MATCH = YES;
				COPY_PHASE_STRIP = NO;
				DEBUG_INFORMATION_FORMAT = "dwarf-with-dsym";
				ENABLE_NS_ASSERTIONS = NO;
				ENABLE_STRICT_OBJC_MSGSEND = YES;
				GCC_C_LANGUAGE_STANDARD = gnu11;
				GCC_NO_COMMON_BLOCKS = YES;
				GCC_WARN_64_TO_32_BIT_CONVERSION = YES;
				GCC_WARN_ABOUT_RETURN_TYPE = YES_ERROR;
				GCC_WARN_UNDECLARED_SELECTOR = YES;
				GCC_WARN_UNINITIALIZED_AUTOS = YES_AGGRESSIVE;
				GCC_WARN_UNUSED_FUNCTION = YES;
				GCC_WARN_UNUSED_VARIABLE = YES;
				IPHONEOS_DEPLOYMENT_TARGET = 13.6;
				MTL_ENABLE_DEBUG_INFO = NO;
				MTL_FAST_MATH = YES;
				SDKROOT = iphoneos;
				SWIFT_COMPILATION_MODE = wholemodule;
				SWIFT_OPTIMIZATION_LEVEL = "-O";
				VALIDATE_PRODUCT = YES;
			};
			name = Release;
		};
		EA80405D24EA282D00D60942 /* Debug */ = {
			isa = XCBuildConfiguration;
			buildSettings = {
				ASSETCATALOG_COMPILER_APPICON_NAME = AppIcon;
				CODE_SIGN_STYLE = Automatic;
				DEVELOPMENT_ASSET_PATHS = "\"WeiBoDemo/Preview Content\"";
				DEVELOPMENT_TEAM = NZUV26978H;
				ENABLE_PREVIEWS = YES;
				INFOPLIST_FILE = WeiBoDemo/Info.plist;
				LD_RUNPATH_SEARCH_PATHS = (
					"$(inherited)",
					"@executable_path/Frameworks",
				);
				PRODUCT_BUNDLE_IDENTIFIER = com.yanghan.WeiBoDemo;
				PRODUCT_NAME = "$(TARGET_NAME)";
				SWIFT_VERSION = 5.0;
				TARGETED_DEVICE_FAMILY = "1,2";
			};
			name = Debug;
		};
		EA80405E24EA282D00D60942 /* Release */ = {
			isa = XCBuildConfiguration;
			buildSettings = {
				ASSETCATALOG_COMPILER_APPICON_NAME = AppIcon;
				CODE_SIGN_STYLE = Automatic;
				DEVELOPMENT_ASSET_PATHS = "\"WeiBoDemo/Preview Content\"";
				DEVELOPMENT_TEAM = NZUV26978H;
				ENABLE_PREVIEWS = YES;
				INFOPLIST_FILE = WeiBoDemo/Info.plist;
				LD_RUNPATH_SEARCH_PATHS = (
					"$(inherited)",
					"@executable_path/Frameworks",
				);
				PRODUCT_BUNDLE_IDENTIFIER = com.yanghan.WeiBoDemo;
				PRODUCT_NAME = "$(TARGET_NAME)";
				SWIFT_VERSION = 5.0;
				TARGETED_DEVICE_FAMILY = "1,2";
			};
			name = Release;
		};
/* End XCBuildConfiguration section */

/* Begin XCConfigurationList section */
		EA80404324EA282900D60942 /* Build configuration list for PBXProject "WeiBoDemo" */ = {
			isa = XCConfigurationList;
			buildConfigurations = (
				EA80405A24EA282D00D60942 /* Debug */,
				EA80405B24EA282D00D60942 /* Release */,
			);
			defaultConfigurationIsVisible = 0;
			defaultConfigurationName = Release;
		};
		EA80405C24EA282D00D60942 /* Build configuration list for PBXNativeTarget "WeiBoDemo" */ = {
			isa = XCConfigurationList;
			buildConfigurations = (
				EA80405D24EA282D00D60942 /* Debug */,
				EA80405E24EA282D00D60942 /* Release */,
			);
			defaultConfigurationIsVisible = 0;
			defaultConfigurationName = Release;
		};
/* End XCConfigurationList section */
	};
	rootObject = EA80404024EA282900D60942 /* Project object */;
}
